
Microsoft Visual Studio Solution File, Format Version 12.00
# Visual Studio Version 17
VisualStudioVersion = 17.1.32210.238
MinimumVisualStudioVersion = 10.0.40219.1
Project("{2150E333-8FDC-42A3-9474-1A3956D46DE8}") = "Solution Items", "Solution Items", "{CF68B68C-8A91-4020-AA05-C6862858DAB7}"
	ProjectSection(SolutionItems) = preProject
		.gitignore = .gitignore
		.github\copilot-instructions.md = .github\copilot-instructions.md
		Directory.Build.props = Directory.Build.props
		global.json = global.json
		LICENSE = LICENSE
		NuGet.config = NuGet.config
		README.md = README.md
	EndProjectSection
EndProject
Project("{2150E333-8FDC-42A3-9474-1A3956D46DE8}") = "src", "src", "{94FEF38A-DA45-4CF1-A0DD-EA337586A1AF}"
EndProject
Project("{2150E333-8FDC-42A3-9474-1A3956D46DE8}") = "gfx", "gfx", "{A4A8A811-8D17-4D10-9375-7967B20C155C}"
EndProject
Project("{2150E333-8FDC-42A3-9474-1A3956D46DE8}") = "tests", "tests", "{2CF74C4F-D1D6-45E3-9AF6-AFCCD1E64665}"
	ProjectSection(SolutionItems) = preProject
		src\Directory.Build.props = src\Directory.Build.props
	EndProjectSection
EndProject
Project("{2150E333-8FDC-42A3-9474-1A3956D46DE8}") = "unit", "unit", "{07A1AB58-4051-4B75-99A0-3A2DC48458E3}"
EndProject
Project("{2150E333-8FDC-42A3-9474-1A3956D46DE8}") = "integration", "integration", "{8C137A06-BB87-46B4-B95B-A48E5E1EC50C}"
EndProject
Project("{2150E333-8FDC-42A3-9474-1A3956D46DE8}") = "docs", "docs", "{E165AD4E-B578-4CE8-8CE4-CBB748D02F7A}"
EndProject
Project("{2150E333-8FDC-42A3-9474-1A3956D46DE8}") = "net8.0", "net8.0", "{02EA681E-C7D8-13C7-8484-4AC65E1B71E8}"
	ProjectSection(SolutionItems) = preProject
		src\net8.0\Directory.Build.props = src\net8.0\Directory.Build.props
	EndProjectSection
EndProject
Project("{2150E333-8FDC-42A3-9474-1A3956D46DE8}") = "net9.0", "net9.0", "{0BCD90B6-843E-4B7E-BEB7-B6ADABFCF1FF}"
EndProject
Project("{2150E333-8FDC-42A3-9474-1A3956D46DE8}") = "netstandard2.0", "netstandard2.0", "{2F04AA8D-AD3A-42C9-89C9-27A6F55A14EA}"
EndProject
Project("{2150E333-8FDC-42A3-9474-1A3956D46DE8}") = "tools", "tools", "{1DC54DB2-8CFA-4B0F-8DE6-F508646DE4CD}"
EndProject
Project("{2150E333-8FDC-42A3-9474-1A3956D46DE8}") = "net10.0", "net10.0", "{C635DF8A-91A9-4514-84D5-DDB7AC055A28}"
	ProjectSection(SolutionItems) = preProject
		src\Directory.Build.props = src\Directory.Build.props
	EndProjectSection
EndProject
Project("{2150E333-8FDC-42A3-9474-1A3956D46DE8}") = "net9.0", "net9.0", "{9657D83A-8DC7-4CB5-9457-E46C8E4EDF7D}"
EndProject
Project("{2150E333-8FDC-42A3-9474-1A3956D46DE8}") = "net8.0", "net8.0", "{A9D6D365-C7F2-4EDF-B312-CAF49975F6D1}"
EndProject
Project("{2150E333-8FDC-42A3-9474-1A3956D46DE8}") = "netstandard2.0", "netstandard2.0", "{0ABEEB0B-6692-4E92-A54B-6F4631B2C6F6}"
EndProject
Project("{2150E333-8FDC-42A3-9474-1A3956D46DE8}") = "unit", "unit", "{8B648C94-3627-49B9-8714-219CF1D49899}"
EndProject
Project("{2150E333-8FDC-42A3-9474-1A3956D46DE8}") = "integration", "integration", "{81A75ADE-99CB-400F-84E8-02FE70E9F420}"
EndProject
Project("{2150E333-8FDC-42A3-9474-1A3956D46DE8}") = "unit", "unit", "{BBE3B79E-9D72-40E9-8C66-BA28FD90640B}"
EndProject
Project("{2150E333-8FDC-42A3-9474-1A3956D46DE8}") = "integration", "integration", "{DFEC50AD-10B2-41E4-8CC7-7EE6EE82C9BF}"
EndProject
Project("{2150E333-8FDC-42A3-9474-1A3956D46DE8}") = "unit", "unit", "{7000DA23-8AEC-4CBE-AB8C-D42C039450C7}"
EndProject
Project("{2150E333-8FDC-42A3-9474-1A3956D46DE8}") = "integration", "integration", "{58AA0456-5B98-44B8-947B-6BFF6720CDE6}"
EndProject
Project("{FAE04EC0-301F-11D3-BF4B-00C04F79EFBC}") = "vc.Ifx", "src\net8.0\vc.Ifx\vc.Ifx.csproj", "{2912993E-ABD7-A71C-1738-8015D2FA1AEA}"
EndProject
Project("{FAE04EC0-301F-11D3-BF4B-00C04F79EFBC}") = "vc.Ifx.Data.SqlServer", "src\net8.0\vc.Ifx.Data.SqlServer\vc.Ifx.Data.SqlServer.csproj", "{6384BE56-5296-9DEA-A55B-3A9CF6D036A4}"
EndProject
Project("{FAE04EC0-301F-11D3-BF4B-00C04F79EFBC}") = "vc.Ifx.Data.Filtering.EFCore", "src\net8.0\vc.Ifx.Filtering.EFCore\vc.Ifx.Data.Filtering.EFCore.csproj", "{A1F9D257-1282-7DF1-7E08-2EED289797C6}"
EndProject
Project("{FAE04EC0-301F-11D3-BF4B-00C04F79EFBC}") = "vc.Ifx.Services", "src\net8.0\vc.Ifx.Services\vc.Ifx.Services.csproj", "{0C429A75-96BD-4CC7-2445-B89C9C87CC44}"
EndProject
Project("{FAE04EC0-301F-11D3-BF4B-00C04F79EFBC}") = "vc.Ifx.Services.Azure.Storage", "src\net8.0\vc.Ifx.Services.Azure.Storage\vc.Ifx.Services.Azure.Storage.csproj", "{59AA44AF-0C7A-FB17-52D8-3187B7193639}"
EndProject
Project("{FAE04EC0-301F-11D3-BF4B-00C04F79EFBC}") = "vc.Ifx.Services.Windows.Cli", "src\net8.0\vc.Ifx.Services.Windows.Cli\vc.Ifx.Services.Windows.Cli.csproj", "{0344A21E-5398-83B6-CA8C-3F8A5AB4F39C}"
EndProject
Project("{FAE04EC0-301F-11D3-BF4B-00C04F79EFBC}") = "vc.Ifx.Services.Windows", "src\net8.0\vc.Ifx.Services.Windows\vc.Ifx.Services.Windows.csproj", "{75CE5C7D-8044-4666-50EF-1EAE789B305D}"
EndProject
Project("{FAE04EC0-301F-11D3-BF4B-00C04F79EFBC}") = "vc.Ifx.Services.Web", "src\net8.0\vc.Ifx.Services.Web\vc.Ifx.Services.Web.csproj", "{33D8529F-1E2E-8287-0C98-D7B40DF34CCC}"
EndProject
Project("{FAE04EC0-301F-11D3-BF4B-00C04F79EFBC}") = "vc.Ifx.Services.Messaging", "src\net8.0\vc.Ifx.Services.Messaging\vc.Ifx.Services.Messaging.csproj", "{EB5F1EDF-EDA4-4020-1C1D-C46B9382F26A}"
EndProject
Project("{FAE04EC0-301F-11D3-BF4B-00C04F79EFBC}") = "vc.Ifx.Data", "src\net8.0\vc.Ifx.Data\vc.Ifx.Data.csproj", "{F9F757B7-E56B-2B9D-3CE1-F3BEF492C35A}"
EndProject
Project("{FAE04EC0-301F-11D3-BF4B-00C04F79EFBC}") = "vc.Ifx.Services.Linux", "src\net8.0\vc.Ifx.Services.Linux\vc.Ifx.Services.Linux.csproj", "{F3D1AAED-8E62-4DD1-B296-88AB11A7C1C7}"
EndProject
Project("{FAE04EC0-301F-11D3-BF4B-00C04F79EFBC}") = "vc.Ifx.Services.MacOS", "src\net8.0\vc.Ifx.Services.MacOS\vc.Ifx.Services.MacOS.csproj", "{2019CD8F-225D-4FF2-9149-FA762404F5EB}"
EndProject
Project("{FAE04EC0-301F-11D3-BF4B-00C04F79EFBC}") = "vc.Ifx.Services.Andriod", "src\net8.0\vc.Ifx.Services.Andriod\vc.Ifx.Services.Andriod.csproj", "{37D4A2BE-4AC3-4363-A5D2-B8AB8C02D8DB}"
EndProject
Project("{FAE04EC0-301F-11D3-BF4B-00C04F79EFBC}") = "VisionaryCoder.Core", "src\VisionaryCoder.Core\VisionaryCoder.Core.csproj", "{8C9355D0-362A-417C-847B-072A35CA8CFE}"
EndProject
Project("{FAE04EC0-301F-11D3-BF4B-00C04F79EFBC}") = "VisionaryCoder.Extensions.Logging", "src\VisionaryCoder.Extensions.Logging\VisionaryCoder.Extensions.Logging.csproj", "{81DF494F-7D30-4574-A077-C29FDAB32BF7}"
EndProject
Project("{FAE04EC0-301F-11D3-BF4B-00C04F79EFBC}") = "VisionaryCoder.Proxy", "src\VisionaryCoder.Proxy\VisionaryCoder.Proxy.csproj", "{4545AA79-F5E1-4650-B871-0A8505EC9963}"
EndProject
Project("{FAE04EC0-301F-11D3-BF4B-00C04F79EFBC}") = "VisionaryCoder.Proxy.Abstractions", "src\VisionaryCoder.Proxy.Abstractions\VisionaryCoder.Proxy.Abstractions.csproj", "{30BE289B-A248-43EC-B572-8D6074F3E6CC}"
EndProject
Project("{FAE04EC0-301F-11D3-BF4B-00C04F79EFBC}") = "VisionaryCoder.Extensions.Pagination", "src\VisionaryCoder.Extensions.Pagination\VisionaryCoder.Extensions.Pagination.csproj", "{062EE9DB-7A7A-4D3B-ADBF-6FA77AF7B66C}"
EndProject
Project("{FAE04EC0-301F-11D3-BF4B-00C04F79EFBC}") = "VisionaryCoder.Proxy.Interceptors", "src\VisionaryCoder.Proxy.Interceptors\VisionaryCoder.Proxy.Interceptors.csproj", "{746C5730-6AC0-427C-ADE8-B3803CC11DC5}"
EndProject
Project("{FAE04EC0-301F-11D3-BF4B-00C04F79EFBC}") = "VisionaryCoder.Proxy.DependencyInjection", "src\VisionaryCoder.Proxy.DependencyInjection\VisionaryCoder.Proxy.DependencyInjection.csproj", "{DE67670E-1849-4427-A47E-169ABC69ABBA}"
EndProject
Project("{FAE04EC0-301F-11D3-BF4B-00C04F79EFBC}") = "VisionaryCoder.Extensions", "src\VisionaryCoder.Extensions\VisionaryCoder.Extensions.csproj", "{34B5643E-150D-76BB-D925-5957C391A081}"
EndProject
Project("{FAE04EC0-301F-11D3-BF4B-00C04F79EFBC}") = "VisionaryCoder.Extensions.Primitives", "src\VisionaryCoder.Extensions.Primitives\VisionaryCoder.Extensions.Primitives.csproj", "{111FB5E1-76CE-480E-B6DF-76AF2AB18CBD}"
EndProject
Project("{FAE04EC0-301F-11D3-BF4B-00C04F79EFBC}") = "VisionaryCoder.Extensions.Primitives.EFCore", "src\VisionaryCoder.Extensions.Primitives.EFCore\VisionaryCoder.Extensions.Primitives.EFCore.csproj", "{5CB9FBB1-5F64-4697-9714-9740730B95F1}"
EndProject
Global
	GlobalSection(SolutionConfigurationPlatforms) = preSolution
		Debug|Any CPU = Debug|Any CPU
		Release|Any CPU = Release|Any CPU
	EndGlobalSection
	GlobalSection(ProjectConfigurationPlatforms) = postSolution
		{2912993E-ABD7-A71C-1738-8015D2FA1AEA}.Debug|Any CPU.ActiveCfg = Debug|Any CPU
		{2912993E-ABD7-A71C-1738-8015D2FA1AEA}.Debug|Any CPU.Build.0 = Debug|Any CPU
		{2912993E-ABD7-A71C-1738-8015D2FA1AEA}.Release|Any CPU.ActiveCfg = Release|Any CPU
		{2912993E-ABD7-A71C-1738-8015D2FA1AEA}.Release|Any CPU.Build.0 = Release|Any CPU
		{6384BE56-5296-9DEA-A55B-3A9CF6D036A4}.Debug|Any CPU.ActiveCfg = Debug|Any CPU
		{6384BE56-5296-9DEA-A55B-3A9CF6D036A4}.Debug|Any CPU.Build.0 = Debug|Any CPU
		{6384BE56-5296-9DEA-A55B-3A9CF6D036A4}.Release|Any CPU.ActiveCfg = Release|Any CPU
		{6384BE56-5296-9DEA-A55B-3A9CF6D036A4}.Release|Any CPU.Build.0 = Release|Any CPU
		{A1F9D257-1282-7DF1-7E08-2EED289797C6}.Debug|Any CPU.ActiveCfg = Debug|Any CPU
		{A1F9D257-1282-7DF1-7E08-2EED289797C6}.Debug|Any CPU.Build.0 = Debug|Any CPU
		{A1F9D257-1282-7DF1-7E08-2EED289797C6}.Release|Any CPU.ActiveCfg = Release|Any CPU
		{A1F9D257-1282-7DF1-7E08-2EED289797C6}.Release|Any CPU.Build.0 = Release|Any CPU
		{0C429A75-96BD-4CC7-2445-B89C9C87CC44}.Debug|Any CPU.ActiveCfg = Debug|Any CPU
		{0C429A75-96BD-4CC7-2445-B89C9C87CC44}.Debug|Any CPU.Build.0 = Debug|Any CPU
		{0C429A75-96BD-4CC7-2445-B89C9C87CC44}.Release|Any CPU.ActiveCfg = Release|Any CPU
		{0C429A75-96BD-4CC7-2445-B89C9C87CC44}.Release|Any CPU.Build.0 = Release|Any CPU
		{59AA44AF-0C7A-FB17-52D8-3187B7193639}.Debug|Any CPU.ActiveCfg = Debug|Any CPU
		{59AA44AF-0C7A-FB17-52D8-3187B7193639}.Debug|Any CPU.Build.0 = Debug|Any CPU
		{59AA44AF-0C7A-FB17-52D8-3187B7193639}.Release|Any CPU.ActiveCfg = Release|Any CPU
		{59AA44AF-0C7A-FB17-52D8-3187B7193639}.Release|Any CPU.Build.0 = Release|Any CPU
		{0344A21E-5398-83B6-CA8C-3F8A5AB4F39C}.Debug|Any CPU.ActiveCfg = Debug|Any CPU
		{0344A21E-5398-83B6-CA8C-3F8A5AB4F39C}.Debug|Any CPU.Build.0 = Debug|Any CPU
		{0344A21E-5398-83B6-CA8C-3F8A5AB4F39C}.Release|Any CPU.ActiveCfg = Release|Any CPU
		{0344A21E-5398-83B6-CA8C-3F8A5AB4F39C}.Release|Any CPU.Build.0 = Release|Any CPU
		{75CE5C7D-8044-4666-50EF-1EAE789B305D}.Debug|Any CPU.ActiveCfg = Debug|Any CPU
		{75CE5C7D-8044-4666-50EF-1EAE789B305D}.Debug|Any CPU.Build.0 = Debug|Any CPU
		{75CE5C7D-8044-4666-50EF-1EAE789B305D}.Release|Any CPU.ActiveCfg = Release|Any CPU
		{75CE5C7D-8044-4666-50EF-1EAE789B305D}.Release|Any CPU.Build.0 = Release|Any CPU
		{33D8529F-1E2E-8287-0C98-D7B40DF34CCC}.Debug|Any CPU.ActiveCfg = Debug|Any CPU
		{33D8529F-1E2E-8287-0C98-D7B40DF34CCC}.Debug|Any CPU.Build.0 = Debug|Any CPU
		{33D8529F-1E2E-8287-0C98-D7B40DF34CCC}.Release|Any CPU.ActiveCfg = Release|Any CPU
		{33D8529F-1E2E-8287-0C98-D7B40DF34CCC}.Release|Any CPU.Build.0 = Release|Any CPU
		{EB5F1EDF-EDA4-4020-1C1D-C46B9382F26A}.Debug|Any CPU.ActiveCfg = Debug|Any CPU
		{EB5F1EDF-EDA4-4020-1C1D-C46B9382F26A}.Debug|Any CPU.Build.0 = Debug|Any CPU
		{EB5F1EDF-EDA4-4020-1C1D-C46B9382F26A}.Release|Any CPU.ActiveCfg = Release|Any CPU
		{EB5F1EDF-EDA4-4020-1C1D-C46B9382F26A}.Release|Any CPU.Build.0 = Release|Any CPU
		{F9F757B7-E56B-2B9D-3CE1-F3BEF492C35A}.Debug|Any CPU.ActiveCfg = Debug|Any CPU
		{F9F757B7-E56B-2B9D-3CE1-F3BEF492C35A}.Debug|Any CPU.Build.0 = Debug|Any CPU
		{F9F757B7-E56B-2B9D-3CE1-F3BEF492C35A}.Release|Any CPU.ActiveCfg = Release|Any CPU
		{F9F757B7-E56B-2B9D-3CE1-F3BEF492C35A}.Release|Any CPU.Build.0 = Release|Any CPU
		{F3D1AAED-8E62-4DD1-B296-88AB11A7C1C7}.Debug|Any CPU.ActiveCfg = Debug|Any CPU
		{F3D1AAED-8E62-4DD1-B296-88AB11A7C1C7}.Debug|Any CPU.Build.0 = Debug|Any CPU
		{F3D1AAED-8E62-4DD1-B296-88AB11A7C1C7}.Release|Any CPU.ActiveCfg = Release|Any CPU
		{F3D1AAED-8E62-4DD1-B296-88AB11A7C1C7}.Release|Any CPU.Build.0 = Release|Any CPU
		{2019CD8F-225D-4FF2-9149-FA762404F5EB}.Debug|Any CPU.ActiveCfg = Debug|Any CPU
		{2019CD8F-225D-4FF2-9149-FA762404F5EB}.Debug|Any CPU.Build.0 = Debug|Any CPU
		{2019CD8F-225D-4FF2-9149-FA762404F5EB}.Release|Any CPU.ActiveCfg = Release|Any CPU
		{2019CD8F-225D-4FF2-9149-FA762404F5EB}.Release|Any CPU.Build.0 = Release|Any CPU
		{37D4A2BE-4AC3-4363-A5D2-B8AB8C02D8DB}.Debug|Any CPU.ActiveCfg = Debug|Any CPU
		{37D4A2BE-4AC3-4363-A5D2-B8AB8C02D8DB}.Debug|Any CPU.Build.0 = Debug|Any CPU
		{37D4A2BE-4AC3-4363-A5D2-B8AB8C02D8DB}.Release|Any CPU.ActiveCfg = Release|Any CPU
		{37D4A2BE-4AC3-4363-A5D2-B8AB8C02D8DB}.Release|Any CPU.Build.0 = Release|Any CPU
		{8C9355D0-362A-417C-847B-072A35CA8CFE}.Debug|Any CPU.ActiveCfg = Debug|Any CPU
		{8C9355D0-362A-417C-847B-072A35CA8CFE}.Debug|Any CPU.Build.0 = Debug|Any CPU
		{8C9355D0-362A-417C-847B-072A35CA8CFE}.Release|Any CPU.ActiveCfg = Release|Any CPU
		{8C9355D0-362A-417C-847B-072A35CA8CFE}.Release|Any CPU.Build.0 = Release|Any CPU
		{81DF494F-7D30-4574-A077-C29FDAB32BF7}.Debug|Any CPU.ActiveCfg = Debug|Any CPU
		{81DF494F-7D30-4574-A077-C29FDAB32BF7}.Debug|Any CPU.Build.0 = Debug|Any CPU
		{81DF494F-7D30-4574-A077-C29FDAB32BF7}.Release|Any CPU.ActiveCfg = Release|Any CPU
		{81DF494F-7D30-4574-A077-C29FDAB32BF7}.Release|Any CPU.Build.0 = Release|Any CPU
		{4545AA79-F5E1-4650-B871-0A8505EC9963}.Debug|Any CPU.ActiveCfg = Debug|Any CPU
		{4545AA79-F5E1-4650-B871-0A8505EC9963}.Debug|Any CPU.Build.0 = Debug|Any CPU
		{4545AA79-F5E1-4650-B871-0A8505EC9963}.Release|Any CPU.ActiveCfg = Release|Any CPU
		{4545AA79-F5E1-4650-B871-0A8505EC9963}.Release|Any CPU.Build.0 = Release|Any CPU
		{30BE289B-A248-43EC-B572-8D6074F3E6CC}.Debug|Any CPU.ActiveCfg = Debug|Any CPU
		{30BE289B-A248-43EC-B572-8D6074F3E6CC}.Debug|Any CPU.Build.0 = Debug|Any CPU
		{30BE289B-A248-43EC-B572-8D6074F3E6CC}.Release|Any CPU.ActiveCfg = Release|Any CPU
		{30BE289B-A248-43EC-B572-8D6074F3E6CC}.Release|Any CPU.Build.0 = Release|Any CPU
		{062EE9DB-7A7A-4D3B-ADBF-6FA77AF7B66C}.Debug|Any CPU.ActiveCfg = Debug|Any CPU
		{062EE9DB-7A7A-4D3B-ADBF-6FA77AF7B66C}.Debug|Any CPU.Build.0 = Debug|Any CPU
		{062EE9DB-7A7A-4D3B-ADBF-6FA77AF7B66C}.Release|Any CPU.ActiveCfg = Release|Any CPU
		{062EE9DB-7A7A-4D3B-ADBF-6FA77AF7B66C}.Release|Any CPU.Build.0 = Release|Any CPU
		{746C5730-6AC0-427C-ADE8-B3803CC11DC5}.Debug|Any CPU.ActiveCfg = Debug|Any CPU
		{746C5730-6AC0-427C-ADE8-B3803CC11DC5}.Debug|Any CPU.Build.0 = Debug|Any CPU
		{746C5730-6AC0-427C-ADE8-B3803CC11DC5}.Release|Any CPU.ActiveCfg = Release|Any CPU
		{746C5730-6AC0-427C-ADE8-B3803CC11DC5}.Release|Any CPU.Build.0 = Release|Any CPU
		{DE67670E-1849-4427-A47E-169ABC69ABBA}.Debug|Any CPU.ActiveCfg = Debug|Any CPU
		{DE67670E-1849-4427-A47E-169ABC69ABBA}.Debug|Any CPU.Build.0 = Debug|Any CPU
		{DE67670E-1849-4427-A47E-169ABC69ABBA}.Release|Any CPU.ActiveCfg = Release|Any CPU
		{DE67670E-1849-4427-A47E-169ABC69ABBA}.Release|Any CPU.Build.0 = Release|Any CPU
		{34B5643E-150D-76BB-D925-5957C391A081}.Debug|Any CPU.ActiveCfg = Debug|Any CPU
		{34B5643E-150D-76BB-D925-5957C391A081}.Debug|Any CPU.Build.0 = Debug|Any CPU
		{34B5643E-150D-76BB-D925-5957C391A081}.Release|Any CPU.ActiveCfg = Release|Any CPU
		{34B5643E-150D-76BB-D925-5957C391A081}.Release|Any CPU.Build.0 = Release|Any CPU
		{111FB5E1-76CE-480E-B6DF-76AF2AB18CBD}.Debug|Any CPU.ActiveCfg = Debug|Any CPU
		{111FB5E1-76CE-480E-B6DF-76AF2AB18CBD}.Debug|Any CPU.Build.0 = Debug|Any CPU
		{111FB5E1-76CE-480E-B6DF-76AF2AB18CBD}.Release|Any CPU.ActiveCfg = Release|Any CPU
		{111FB5E1-76CE-480E-B6DF-76AF2AB18CBD}.Release|Any CPU.Build.0 = Release|Any CPU
		{5CB9FBB1-5F64-4697-9714-9740730B95F1}.Debug|Any CPU.ActiveCfg = Debug|Any CPU
		{5CB9FBB1-5F64-4697-9714-9740730B95F1}.Debug|Any CPU.Build.0 = Debug|Any CPU
		{5CB9FBB1-5F64-4697-9714-9740730B95F1}.Release|Any CPU.ActiveCfg = Release|Any CPU
		{5CB9FBB1-5F64-4697-9714-9740730B95F1}.Release|Any CPU.Build.0 = Release|Any CPU
	EndGlobalSection
	GlobalSection(SolutionProperties) = preSolution
		HideSolutionNode = FALSE
	EndGlobalSection
	GlobalSection(NestedProjects) = preSolution
		{A4A8A811-8D17-4D10-9375-7967B20C155C} = {E165AD4E-B578-4CE8-8CE4-CBB748D02F7A}
		{07A1AB58-4051-4B75-99A0-3A2DC48458E3} = {C635DF8A-91A9-4514-84D5-DDB7AC055A28}
		{8C137A06-BB87-46B4-B95B-A48E5E1EC50C} = {C635DF8A-91A9-4514-84D5-DDB7AC055A28}
		{02EA681E-C7D8-13C7-8484-4AC65E1B71E8} = {94FEF38A-DA45-4CF1-A0DD-EA337586A1AF}
		{0BCD90B6-843E-4B7E-BEB7-B6ADABFCF1FF} = {94FEF38A-DA45-4CF1-A0DD-EA337586A1AF}
		{2F04AA8D-AD3A-42C9-89C9-27A6F55A14EA} = {94FEF38A-DA45-4CF1-A0DD-EA337586A1AF}
		{C635DF8A-91A9-4514-84D5-DDB7AC055A28} = {2CF74C4F-D1D6-45E3-9AF6-AFCCD1E64665}
		{9657D83A-8DC7-4CB5-9457-E46C8E4EDF7D} = {2CF74C4F-D1D6-45E3-9AF6-AFCCD1E64665}
		{A9D6D365-C7F2-4EDF-B312-CAF49975F6D1} = {2CF74C4F-D1D6-45E3-9AF6-AFCCD1E64665}
		{0ABEEB0B-6692-4E92-A54B-6F4631B2C6F6} = {2CF74C4F-D1D6-45E3-9AF6-AFCCD1E64665}
		{8B648C94-3627-49B9-8714-219CF1D49899} = {A9D6D365-C7F2-4EDF-B312-CAF49975F6D1}
		{81A75ADE-99CB-400F-84E8-02FE70E9F420} = {A9D6D365-C7F2-4EDF-B312-CAF49975F6D1}
		{BBE3B79E-9D72-40E9-8C66-BA28FD90640B} = {9657D83A-8DC7-4CB5-9457-E46C8E4EDF7D}
		{DFEC50AD-10B2-41E4-8CC7-7EE6EE82C9BF} = {9657D83A-8DC7-4CB5-9457-E46C8E4EDF7D}
		{7000DA23-8AEC-4CBE-AB8C-D42C039450C7} = {0ABEEB0B-6692-4E92-A54B-6F4631B2C6F6}
		{58AA0456-5B98-44B8-947B-6BFF6720CDE6} = {0ABEEB0B-6692-4E92-A54B-6F4631B2C6F6}
		{2912993E-ABD7-A71C-1738-8015D2FA1AEA} = {02EA681E-C7D8-13C7-8484-4AC65E1B71E8}
		{6384BE56-5296-9DEA-A55B-3A9CF6D036A4} = {02EA681E-C7D8-13C7-8484-4AC65E1B71E8}
		{A1F9D257-1282-7DF1-7E08-2EED289797C6} = {02EA681E-C7D8-13C7-8484-4AC65E1B71E8}
		{0C429A75-96BD-4CC7-2445-B89C9C87CC44} = {02EA681E-C7D8-13C7-8484-4AC65E1B71E8}
		{59AA44AF-0C7A-FB17-52D8-3187B7193639} = {02EA681E-C7D8-13C7-8484-4AC65E1B71E8}
		{0344A21E-5398-83B6-CA8C-3F8A5AB4F39C} = {02EA681E-C7D8-13C7-8484-4AC65E1B71E8}
		{75CE5C7D-8044-4666-50EF-1EAE789B305D} = {02EA681E-C7D8-13C7-8484-4AC65E1B71E8}
		{33D8529F-1E2E-8287-0C98-D7B40DF34CCC} = {02EA681E-C7D8-13C7-8484-4AC65E1B71E8}
		{EB5F1EDF-EDA4-4020-1C1D-C46B9382F26A} = {02EA681E-C7D8-13C7-8484-4AC65E1B71E8}
		{F9F757B7-E56B-2B9D-3CE1-F3BEF492C35A} = {02EA681E-C7D8-13C7-8484-4AC65E1B71E8}
		{F3D1AAED-8E62-4DD1-B296-88AB11A7C1C7} = {02EA681E-C7D8-13C7-8484-4AC65E1B71E8}
		{2019CD8F-225D-4FF2-9149-FA762404F5EB} = {02EA681E-C7D8-13C7-8484-4AC65E1B71E8}
		{37D4A2BE-4AC3-4363-A5D2-B8AB8C02D8DB} = {02EA681E-C7D8-13C7-8484-4AC65E1B71E8}
		{8C9355D0-362A-417C-847B-072A35CA8CFE} = {94FEF38A-DA45-4CF1-A0DD-EA337586A1AF}
		{81DF494F-7D30-4574-A077-C29FDAB32BF7} = {94FEF38A-DA45-4CF1-A0DD-EA337586A1AF}
		{4545AA79-F5E1-4650-B871-0A8505EC9963} = {94FEF38A-DA45-4CF1-A0DD-EA337586A1AF}
		{30BE289B-A248-43EC-B572-8D6074F3E6CC} = {94FEF38A-DA45-4CF1-A0DD-EA337586A1AF}
		{062EE9DB-7A7A-4D3B-ADBF-6FA77AF7B66C} = {94FEF38A-DA45-4CF1-A0DD-EA337586A1AF}
		{746C5730-6AC0-427C-ADE8-B3803CC11DC5} = {94FEF38A-DA45-4CF1-A0DD-EA337586A1AF}
		{DE67670E-1849-4427-A47E-169ABC69ABBA} = {94FEF38A-DA45-4CF1-A0DD-EA337586A1AF}
		{34B5643E-150D-76BB-D925-5957C391A081} = {94FEF38A-DA45-4CF1-A0DD-EA337586A1AF}
		{111FB5E1-76CE-480E-B6DF-76AF2AB18CBD} = {94FEF38A-DA45-4CF1-A0DD-EA337586A1AF}
		{5CB9FBB1-5F64-4697-9714-9740730B95F1} = {94FEF38A-DA45-4CF1-A0DD-EA337586A1AF}
	EndGlobalSection
	GlobalSection(ExtensibilityGlobals) = postSolution
		SolutionGuid = {E278ADA2-B7D4-46F5-91C8-988E8CB3B734}
	EndGlobalSection
EndGlobal
