
Microsoft Visual Studio Solution File, Format Version 12.00
# Visual Studio Version 17
VisualStudioVersion = 17.1.32210.238
MinimumVisualStudioVersion = 10.0.40219.1
Project("{2150E333-8FDC-42A3-9474-1A3956D46DE8}") = "Solution Items", "Solution Items", "{CF68B68C-8A91-4020-AA05-C6862858DAB7}"
	ProjectSection(SolutionItems) = preProject
		.gitignore = .gitignore
		.github\copilot-instructions.md = .github\copilot-instructions.md
		Directory.Build.props = Directory.Build.props
		global.json = global.json
		LICENSE = LICENSE
		README.md = README.md
	EndProjectSection
EndProject
Project("{2150E333-8FDC-42A3-9474-1A3956D46DE8}") = "src", "src", "{94FEF38A-DA45-4CF1-A0DD-EA337586A1AF}"
EndProject
Project("{2150E333-8FDC-42A3-9474-1A3956D46DE8}") = "gfx", "gfx", "{A4A8A811-8D17-4D10-9375-7967B20C155C}"
	ProjectSection(SolutionItems) = preProject
		gfx\mobius31.jpg = gfx\mobius31.jpg
	EndProjectSection
EndProject
Project("{2150E333-8FDC-42A3-9474-1A3956D46DE8}") = "tests", "tests", "{2CF74C4F-D1D6-45E3-9AF6-AFCCD1E64665}"
EndProject
Project("{2150E333-8FDC-42A3-9474-1A3956D46DE8}") = "UnitTests", "UnitTests", "{07A1AB58-4051-4B75-99A0-3A2DC48458E3}"
EndProject
Project("{9A19103F-16F7-4668-BE54-9A1E7A4F7556}") = "Ifx.UnitTests", "tests\UnitTests\Ifx.UnitTests\Ifx.UnitTests.csproj", "{3A012DB3-D0BF-4084-AB33-CBBEC8C5779F}"
EndProject
Project("{9A19103F-16F7-4668-BE54-9A1E7A4F7556}") = "Ifx.Cli.UnitTests", "tests\UnitTests\Ifx.Cli.UnitTests\Ifx.Cli.UnitTests.csproj", "{7D5AED2D-8DDF-4154-AF75-DDBC103C48FD}"
EndProject
Project("{9A19103F-16F7-4668-BE54-9A1E7A4F7556}") = "Ifx.Data.Azure.UnitTests", "tests\UnitTests\Ifx.Data.Azure.UnitTests\Ifx.Data.Azure.UnitTests.csproj", "{C8D7C6C8-FA9E-4901-A2C3-CD40E2024B46}"
EndProject
Project("{9A19103F-16F7-4668-BE54-9A1E7A4F7556}") = "Ifx.Data.SqlServer.UnitTests", "tests\UnitTests\Ifx.Data.SqlServer.UnitTests\Ifx.Data.SqlServer.UnitTests.csproj", "{C92AC4CC-46D0-435C-BA67-BCFA6F6C013E}"
EndProject
Project("{9A19103F-16F7-4668-BE54-9A1E7A4F7556}") = "Ifx.Data.UnitTests", "tests\UnitTests\Ifx.Data.UnitTests\Ifx.Data.UnitTests.csproj", "{442981C3-C395-44F8-B417-257DBBA3DCBF}"
EndProject
Project("{2150E333-8FDC-42A3-9474-1A3956D46DE8}") = "IntegrationTests", "IntegrationTests", "{8C137A06-BB87-46B4-B95B-A48E5E1EC50C}"
EndProject
Project("{2150E333-8FDC-42A3-9474-1A3956D46DE8}") = "docs", "docs", "{E165AD4E-B578-4CE8-8CE4-CBB748D02F7A}"
EndProject
Project("{2150E333-8FDC-42A3-9474-1A3956D46DE8}") = "v8", "v8", "{02EA681E-C7D8-13C7-8484-4AC65E1B71E8}"
EndProject
Project("{2150E333-8FDC-42A3-9474-1A3956D46DE8}") = "v9", "v9", "{0BCD90B6-843E-4B7E-BEB7-B6ADABFCF1FF}"
EndProject
Project("{2150E333-8FDC-42A3-9474-1A3956D46DE8}") = "v10", "v10", "{563EC0BE-2A11-4F85-ADFD-5AE79ED29E8A}"
EndProject
Project("{2150E333-8FDC-42A3-9474-1A3956D46DE8}") = "v2", "v2", "{2F04AA8D-AD3A-42C9-89C9-27A6F55A14EA}"
EndProject
Project("{2150E333-8FDC-42A3-9474-1A3956D46DE8}") = "tools", "tools", "{1DC54DB2-8CFA-4B0F-8DE6-F508646DE4CD}"
EndProject
Project("{FAE04EC0-301F-11D3-BF4B-00C04F79EFBC}") = "vc.v2.Ifx.CodeGen", "src\v2.Ifx.CodeGen\vc.v2.Ifx.CodeGen.csproj", "{57684545-BFBC-4A35-B4F8-C43CA663BCDD}"
EndProject
Project("{FAE04EC0-301F-11D3-BF4B-00C04F79EFBC}") = "v8.Ifx", "src\v8.Ifx\v8.Ifx.csproj", "{F86DBC26-0139-4136-B8B8-35688ECB1157}"
EndProject
Project("{FAE04EC0-301F-11D3-BF4B-00C04F79EFBC}") = "v8.Ifx.Services.OS.Windows.Cli", "src\v8.Ifx.Cli\v8.Ifx.Services.OS.Windows.Cli.csproj", "{080C1F14-B9A0-4678-A786-1C3E1FCF450D}"
EndProject
Project("{FAE04EC0-301F-11D3-BF4B-00C04F79EFBC}") = "v8.Ifx.Data", "src\v8.Ifx.Data\v8.Ifx.Data.csproj", "{25DF70A6-70E0-4895-A020-15595C8569B8}"
EndProject
Project("{FAE04EC0-301F-11D3-BF4B-00C04F79EFBC}") = "v8.Ifx.Data.SqlServer", "src\v8.Ifx.Data.SqlServer\v8.Ifx.Data.SqlServer.csproj", "{E00C8521-482F-4DCB-9F44-B3229A911E45}"
EndProject
Project("{FAE04EC0-301F-11D3-BF4B-00C04F79EFBC}") = "v8.Ifx.Data.Filtering", "src\v8.Ifx.Filtering\v8.Ifx.Data.Filtering.csproj", "{9B1BA1DE-8D26-46B0-AC67-03A2CA8280EE}"
EndProject
Project("{FAE04EC0-301F-11D3-BF4B-00C04F79EFBC}") = "v8.Ifx.Data.Filtering.EFCore", "src\v8.Ifx.Filtering.EFCore\v8.Ifx.Data.Filtering.EFCore.csproj", "{BCA4C6C7-32C4-4E55-B8EB-B778416E8DAF}"
EndProject
Project("{FAE04EC0-301F-11D3-BF4B-00C04F79EFBC}") = "v8.Ifx.Logging", "src\v8.Ifx.Logging\v8.Ifx.Logging.csproj", "{974C3D25-2710-4335-B152-8F7F2EEAEDD6}"
EndProject
Project("{FAE04EC0-301F-11D3-BF4B-00C04F79EFBC}") = "v8.Ifx.Services", "src\v8.Ifx.Services\v8.Ifx.Services.csproj", "{A5456DF8-50B4-40DD-873D-1001782009C6}"
EndProject
Project("{FAE04EC0-301F-11D3-BF4B-00C04F79EFBC}") = "v8.Ifx.Services.Cloud.Azure.Storage", "src\v8.Ifx.Services.Cloud.Azure.Storage\v8.Ifx.Services.Cloud.Azure.Storage.csproj", "{2EE8CDF3-B251-4EBD-9540-39D80679E944}"
EndProject
Project("{FAE04EC0-301F-11D3-BF4B-00C04F79EFBC}") = "v8.Ifx.Services.Messaging", "src\v8.Ifx.Services.Messaging\v8.Ifx.Services.Messaging.csproj", "{5C9286D3-787F-4A5F-8B66-35FF34033EE3}"
EndProject
Project("{FAE04EC0-301F-11D3-BF4B-00C04F79EFBC}") = "v8.Ifx.Services.Web", "src\v8.Ifx.Web\v8.Ifx.Services.Web.csproj", "{D86A3034-0136-49DD-BD1A-3A766FC803AE}"
EndProject
Project("{FAE04EC0-301F-11D3-BF4B-00C04F79EFBC}") = "v9.Ifx", "src\v9.Ifx\v9.Ifx.csproj", "{F23B201A-DC34-4ECA-865F-7A5E4D745A69}"
EndProject
Project("{FAE04EC0-301F-11D3-BF4B-00C04F79EFBC}") = "v9.Ifx.Helpers", "src\v9.Ifx.Helpers\v9.Ifx.Helpers.csproj", "{24226735-B22F-4F8B-9982-A9043759A4A1}"
EndProject
Project("{FAE04EC0-301F-11D3-BF4B-00C04F79EFBC}") = "v9.Ifx.Services", "src\v9.Ifx.Services\v9.Ifx.Services.csproj", "{77FFE993-2574-4608-B4B3-D1E7A2F5987D}"
EndProject
Project("{FAE04EC0-301F-11D3-BF4B-00C04F79EFBC}") = "v9.Ifx.Services.Linux", "src\v9.Ifx.Services.Linux\v9.Ifx.Services.Linux.csproj", "{3AE847C7-FFDB-448E-B66A-96DA4A74009A}"
EndProject
Project("{FAE04EC0-301F-11D3-BF4B-00C04F79EFBC}") = "v9.Ifx.Services.OS.Linux", "src\v9.Ifx.Services.Linux\v9.Ifx.Services.OS.Linux.csproj", "{99D81BBC-D4B5-457F-AB1E-15E7ED71FCC8}"
EndProject
Project("{FAE04EC0-301F-11D3-BF4B-00C04F79EFBC}") = "v9.Ifx.Services.Mac", "src\v9.Ifx.Services.Mac\v9.Ifx.Services.Mac.csproj", "{82FFEB91-AC63-47B8-AC17-E6818F7831C8}"
EndProject
Project("{FAE04EC0-301F-11D3-BF4B-00C04F79EFBC}") = "v9.Ifx.Services.OS.Mac", "src\v9.Ifx.Services.Mac\v9.Ifx.Services.OS.Mac.csproj", "{A1D501C2-61E6-4866-8BED-146C54D105F8}"
EndProject
Project("{FAE04EC0-301F-11D3-BF4B-00C04F79EFBC}") = "v9.Ifx.Services.OS.Windows.Cli", "src\v9.Ifx.Services.Windows.Cli\v9.Ifx.Services.OS.Windows.Cli.csproj", "{4EF464C9-5B4A-458A-8916-DEEB6045C48C}"
EndProject
Project("{FAE04EC0-301F-11D3-BF4B-00C04F79EFBC}") = "v9.Ifx.Services.OS.Windows.Forms", "src\v9.Ifx.Services.Windows.Forms\v9.Ifx.Services.OS.Windows.Forms.csproj", "{4015C8B4-7C67-4A2E-AAC0-A4D86713CBAB}"
EndProject
Project("{FAE04EC0-301F-11D3-BF4B-00C04F79EFBC}") = "v9.Tool.Generator.Strings", "src\v9.Tool.Generator.Strings\v9.Tool.Generator.Strings.csproj", "{37EC36A7-7028-4007-AA9A-B84E7F6915B6}"
EndProject
Project("{2150E333-8FDC-42A3-9474-1A3956D46DE8}") = "patterns", "patterns", "{13F8A164-B1F5-4C5E-8552-B834D54A1479}"
EndProject
Project("{FAE04EC0-301F-11D3-BF4B-00C04F79EFBC}") = "v8.Ifx.Collections", "src\v8.Ifx.Collections\v8.Ifx.Collections.csproj", "{02487854-D9F9-4C61-9245-10873EBFAF4A}"
EndProject
Project("{FAE04EC0-301F-11D3-BF4B-00C04F79EFBC}") = "vc.v2.Ifx.Core", "src\vc.v2.Ifx.Core\vc.v2.Ifx.Core.csproj", "{59AEB7E3-B977-49DF-801D-C1AA2E5C64D3}"
EndProject
Global
	GlobalSection(SolutionConfigurationPlatforms) = preSolution
		Debug|Any CPU = Debug|Any CPU
		Debug|x64 = Debug|x64
		Debug|x86 = Debug|x86
		Release|Any CPU = Release|Any CPU
		Release|x64 = Release|x64
		Release|x86 = Release|x86
	EndGlobalSection
	GlobalSection(ProjectConfigurationPlatforms) = postSolution
		{3A012DB3-D0BF-4084-AB33-CBBEC8C5779F}.Debug|Any CPU.ActiveCfg = Debug|Any CPU
		{3A012DB3-D0BF-4084-AB33-CBBEC8C5779F}.Debug|Any CPU.Build.0 = Debug|Any CPU
		{3A012DB3-D0BF-4084-AB33-CBBEC8C5779F}.Debug|x64.ActiveCfg = Debug|Any CPU
		{3A012DB3-D0BF-4084-AB33-CBBEC8C5779F}.Debug|x64.Build.0 = Debug|Any CPU
		{3A012DB3-D0BF-4084-AB33-CBBEC8C5779F}.Debug|x86.ActiveCfg = Debug|Any CPU
		{3A012DB3-D0BF-4084-AB33-CBBEC8C5779F}.Debug|x86.Build.0 = Debug|Any CPU
		{3A012DB3-D0BF-4084-AB33-CBBEC8C5779F}.Release|Any CPU.ActiveCfg = Release|Any CPU
		{3A012DB3-D0BF-4084-AB33-CBBEC8C5779F}.Release|Any CPU.Build.0 = Release|Any CPU
		{3A012DB3-D0BF-4084-AB33-CBBEC8C5779F}.Release|x64.ActiveCfg = Release|Any CPU
		{3A012DB3-D0BF-4084-AB33-CBBEC8C5779F}.Release|x64.Build.0 = Release|Any CPU
		{3A012DB3-D0BF-4084-AB33-CBBEC8C5779F}.Release|x86.ActiveCfg = Release|Any CPU
		{3A012DB3-D0BF-4084-AB33-CBBEC8C5779F}.Release|x86.Build.0 = Release|Any CPU
		{7D5AED2D-8DDF-4154-AF75-DDBC103C48FD}.Debug|Any CPU.ActiveCfg = Debug|Any CPU
		{7D5AED2D-8DDF-4154-AF75-DDBC103C48FD}.Debug|Any CPU.Build.0 = Debug|Any CPU
		{7D5AED2D-8DDF-4154-AF75-DDBC103C48FD}.Debug|x64.ActiveCfg = Debug|Any CPU
		{7D5AED2D-8DDF-4154-AF75-DDBC103C48FD}.Debug|x64.Build.0 = Debug|Any CPU
		{7D5AED2D-8DDF-4154-AF75-DDBC103C48FD}.Debug|x86.ActiveCfg = Debug|Any CPU
		{7D5AED2D-8DDF-4154-AF75-DDBC103C48FD}.Debug|x86.Build.0 = Debug|Any CPU
		{7D5AED2D-8DDF-4154-AF75-DDBC103C48FD}.Release|Any CPU.ActiveCfg = Release|Any CPU
		{7D5AED2D-8DDF-4154-AF75-DDBC103C48FD}.Release|Any CPU.Build.0 = Release|Any CPU
		{7D5AED2D-8DDF-4154-AF75-DDBC103C48FD}.Release|x64.ActiveCfg = Release|Any CPU
		{7D5AED2D-8DDF-4154-AF75-DDBC103C48FD}.Release|x64.Build.0 = Release|Any CPU
		{7D5AED2D-8DDF-4154-AF75-DDBC103C48FD}.Release|x86.ActiveCfg = Release|Any CPU
		{7D5AED2D-8DDF-4154-AF75-DDBC103C48FD}.Release|x86.Build.0 = Release|Any CPU
		{C8D7C6C8-FA9E-4901-A2C3-CD40E2024B46}.Debug|Any CPU.ActiveCfg = Debug|Any CPU
		{C8D7C6C8-FA9E-4901-A2C3-CD40E2024B46}.Debug|Any CPU.Build.0 = Debug|Any CPU
		{C8D7C6C8-FA9E-4901-A2C3-CD40E2024B46}.Debug|x64.ActiveCfg = Debug|Any CPU
		{C8D7C6C8-FA9E-4901-A2C3-CD40E2024B46}.Debug|x64.Build.0 = Debug|Any CPU
		{C8D7C6C8-FA9E-4901-A2C3-CD40E2024B46}.Debug|x86.ActiveCfg = Debug|Any CPU
		{C8D7C6C8-FA9E-4901-A2C3-CD40E2024B46}.Debug|x86.Build.0 = Debug|Any CPU
		{C8D7C6C8-FA9E-4901-A2C3-CD40E2024B46}.Release|Any CPU.ActiveCfg = Release|Any CPU
		{C8D7C6C8-FA9E-4901-A2C3-CD40E2024B46}.Release|Any CPU.Build.0 = Release|Any CPU
		{C8D7C6C8-FA9E-4901-A2C3-CD40E2024B46}.Release|x64.ActiveCfg = Release|Any CPU
		{C8D7C6C8-FA9E-4901-A2C3-CD40E2024B46}.Release|x64.Build.0 = Release|Any CPU
		{C8D7C6C8-FA9E-4901-A2C3-CD40E2024B46}.Release|x86.ActiveCfg = Release|Any CPU
		{C8D7C6C8-FA9E-4901-A2C3-CD40E2024B46}.Release|x86.Build.0 = Release|Any CPU
		{C92AC4CC-46D0-435C-BA67-BCFA6F6C013E}.Debug|Any CPU.ActiveCfg = Debug|Any CPU
		{C92AC4CC-46D0-435C-BA67-BCFA6F6C013E}.Debug|Any CPU.Build.0 = Debug|Any CPU
		{C92AC4CC-46D0-435C-BA67-BCFA6F6C013E}.Debug|x64.ActiveCfg = Debug|Any CPU
		{C92AC4CC-46D0-435C-BA67-BCFA6F6C013E}.Debug|x64.Build.0 = Debug|Any CPU
		{C92AC4CC-46D0-435C-BA67-BCFA6F6C013E}.Debug|x86.ActiveCfg = Debug|Any CPU
		{C92AC4CC-46D0-435C-BA67-BCFA6F6C013E}.Debug|x86.Build.0 = Debug|Any CPU
		{C92AC4CC-46D0-435C-BA67-BCFA6F6C013E}.Release|Any CPU.ActiveCfg = Release|Any CPU
		{C92AC4CC-46D0-435C-BA67-BCFA6F6C013E}.Release|Any CPU.Build.0 = Release|Any CPU
		{C92AC4CC-46D0-435C-BA67-BCFA6F6C013E}.Release|x64.ActiveCfg = Release|Any CPU
		{C92AC4CC-46D0-435C-BA67-BCFA6F6C013E}.Release|x64.Build.0 = Release|Any CPU
		{C92AC4CC-46D0-435C-BA67-BCFA6F6C013E}.Release|x86.ActiveCfg = Release|Any CPU
		{C92AC4CC-46D0-435C-BA67-BCFA6F6C013E}.Release|x86.Build.0 = Release|Any CPU
		{442981C3-C395-44F8-B417-257DBBA3DCBF}.Debug|Any CPU.ActiveCfg = Debug|Any CPU
		{442981C3-C395-44F8-B417-257DBBA3DCBF}.Debug|Any CPU.Build.0 = Debug|Any CPU
		{442981C3-C395-44F8-B417-257DBBA3DCBF}.Debug|x64.ActiveCfg = Debug|Any CPU
		{442981C3-C395-44F8-B417-257DBBA3DCBF}.Debug|x64.Build.0 = Debug|Any CPU
		{442981C3-C395-44F8-B417-257DBBA3DCBF}.Debug|x86.ActiveCfg = Debug|Any CPU
		{442981C3-C395-44F8-B417-257DBBA3DCBF}.Debug|x86.Build.0 = Debug|Any CPU
		{442981C3-C395-44F8-B417-257DBBA3DCBF}.Release|Any CPU.ActiveCfg = Release|Any CPU
		{442981C3-C395-44F8-B417-257DBBA3DCBF}.Release|Any CPU.Build.0 = Release|Any CPU
		{442981C3-C395-44F8-B417-257DBBA3DCBF}.Release|x64.ActiveCfg = Release|Any CPU
		{442981C3-C395-44F8-B417-257DBBA3DCBF}.Release|x64.Build.0 = Release|Any CPU
		{442981C3-C395-44F8-B417-257DBBA3DCBF}.Release|x86.ActiveCfg = Release|Any CPU
		{442981C3-C395-44F8-B417-257DBBA3DCBF}.Release|x86.Build.0 = Release|Any CPU
		{57684545-BFBC-4A35-B4F8-C43CA663BCDD}.Debug|Any CPU.ActiveCfg = Debug|Any CPU
		{57684545-BFBC-4A35-B4F8-C43CA663BCDD}.Debug|Any CPU.Build.0 = Debug|Any CPU
		{57684545-BFBC-4A35-B4F8-C43CA663BCDD}.Debug|x64.ActiveCfg = Debug|Any CPU
		{57684545-BFBC-4A35-B4F8-C43CA663BCDD}.Debug|x64.Build.0 = Debug|Any CPU
		{57684545-BFBC-4A35-B4F8-C43CA663BCDD}.Debug|x86.ActiveCfg = Debug|Any CPU
		{57684545-BFBC-4A35-B4F8-C43CA663BCDD}.Debug|x86.Build.0 = Debug|Any CPU
		{57684545-BFBC-4A35-B4F8-C43CA663BCDD}.Release|Any CPU.ActiveCfg = Release|Any CPU
		{57684545-BFBC-4A35-B4F8-C43CA663BCDD}.Release|Any CPU.Build.0 = Release|Any CPU
		{57684545-BFBC-4A35-B4F8-C43CA663BCDD}.Release|x64.ActiveCfg = Release|Any CPU
		{57684545-BFBC-4A35-B4F8-C43CA663BCDD}.Release|x64.Build.0 = Release|Any CPU
		{57684545-BFBC-4A35-B4F8-C43CA663BCDD}.Release|x86.ActiveCfg = Release|Any CPU
		{57684545-BFBC-4A35-B4F8-C43CA663BCDD}.Release|x86.Build.0 = Release|Any CPU
		{F86DBC26-0139-4136-B8B8-35688ECB1157}.Debug|Any CPU.ActiveCfg = Debug|Any CPU
		{F86DBC26-0139-4136-B8B8-35688ECB1157}.Debug|Any CPU.Build.0 = Debug|Any CPU
		{F86DBC26-0139-4136-B8B8-35688ECB1157}.Debug|x64.ActiveCfg = Debug|Any CPU
		{F86DBC26-0139-4136-B8B8-35688ECB1157}.Debug|x64.Build.0 = Debug|Any CPU
		{F86DBC26-0139-4136-B8B8-35688ECB1157}.Debug|x86.ActiveCfg = Debug|Any CPU
		{F86DBC26-0139-4136-B8B8-35688ECB1157}.Debug|x86.Build.0 = Debug|Any CPU
		{F86DBC26-0139-4136-B8B8-35688ECB1157}.Release|Any CPU.ActiveCfg = Release|Any CPU
		{F86DBC26-0139-4136-B8B8-35688ECB1157}.Release|Any CPU.Build.0 = Release|Any CPU
		{F86DBC26-0139-4136-B8B8-35688ECB1157}.Release|x64.ActiveCfg = Release|Any CPU
		{F86DBC26-0139-4136-B8B8-35688ECB1157}.Release|x64.Build.0 = Release|Any CPU
		{F86DBC26-0139-4136-B8B8-35688ECB1157}.Release|x86.ActiveCfg = Release|Any CPU
		{F86DBC26-0139-4136-B8B8-35688ECB1157}.Release|x86.Build.0 = Release|Any CPU
		{080C1F14-B9A0-4678-A786-1C3E1FCF450D}.Debug|Any CPU.ActiveCfg = Debug|Any CPU
		{080C1F14-B9A0-4678-A786-1C3E1FCF450D}.Debug|Any CPU.Build.0 = Debug|Any CPU
		{080C1F14-B9A0-4678-A786-1C3E1FCF450D}.Debug|x64.ActiveCfg = Debug|Any CPU
		{080C1F14-B9A0-4678-A786-1C3E1FCF450D}.Debug|x64.Build.0 = Debug|Any CPU
		{080C1F14-B9A0-4678-A786-1C3E1FCF450D}.Debug|x86.ActiveCfg = Debug|Any CPU
		{080C1F14-B9A0-4678-A786-1C3E1FCF450D}.Debug|x86.Build.0 = Debug|Any CPU
		{080C1F14-B9A0-4678-A786-1C3E1FCF450D}.Release|Any CPU.ActiveCfg = Release|Any CPU
		{080C1F14-B9A0-4678-A786-1C3E1FCF450D}.Release|Any CPU.Build.0 = Release|Any CPU
		{080C1F14-B9A0-4678-A786-1C3E1FCF450D}.Release|x64.ActiveCfg = Release|Any CPU
		{080C1F14-B9A0-4678-A786-1C3E1FCF450D}.Release|x64.Build.0 = Release|Any CPU
		{080C1F14-B9A0-4678-A786-1C3E1FCF450D}.Release|x86.ActiveCfg = Release|Any CPU
		{080C1F14-B9A0-4678-A786-1C3E1FCF450D}.Release|x86.Build.0 = Release|Any CPU
		{25DF70A6-70E0-4895-A020-15595C8569B8}.Debug|Any CPU.ActiveCfg = Debug|Any CPU
		{25DF70A6-70E0-4895-A020-15595C8569B8}.Debug|Any CPU.Build.0 = Debug|Any CPU
		{25DF70A6-70E0-4895-A020-15595C8569B8}.Debug|x64.ActiveCfg = Debug|Any CPU
		{25DF70A6-70E0-4895-A020-15595C8569B8}.Debug|x64.Build.0 = Debug|Any CPU
		{25DF70A6-70E0-4895-A020-15595C8569B8}.Debug|x86.ActiveCfg = Debug|Any CPU
		{25DF70A6-70E0-4895-A020-15595C8569B8}.Debug|x86.Build.0 = Debug|Any CPU
		{25DF70A6-70E0-4895-A020-15595C8569B8}.Release|Any CPU.ActiveCfg = Release|Any CPU
		{25DF70A6-70E0-4895-A020-15595C8569B8}.Release|Any CPU.Build.0 = Release|Any CPU
		{25DF70A6-70E0-4895-A020-15595C8569B8}.Release|x64.ActiveCfg = Release|Any CPU
		{25DF70A6-70E0-4895-A020-15595C8569B8}.Release|x64.Build.0 = Release|Any CPU
		{25DF70A6-70E0-4895-A020-15595C8569B8}.Release|x86.ActiveCfg = Release|Any CPU
		{25DF70A6-70E0-4895-A020-15595C8569B8}.Release|x86.Build.0 = Release|Any CPU
		{E00C8521-482F-4DCB-9F44-B3229A911E45}.Debug|Any CPU.ActiveCfg = Debug|Any CPU
		{E00C8521-482F-4DCB-9F44-B3229A911E45}.Debug|Any CPU.Build.0 = Debug|Any CPU
		{E00C8521-482F-4DCB-9F44-B3229A911E45}.Debug|x64.ActiveCfg = Debug|Any CPU
		{E00C8521-482F-4DCB-9F44-B3229A911E45}.Debug|x64.Build.0 = Debug|Any CPU
		{E00C8521-482F-4DCB-9F44-B3229A911E45}.Debug|x86.ActiveCfg = Debug|Any CPU
		{E00C8521-482F-4DCB-9F44-B3229A911E45}.Debug|x86.Build.0 = Debug|Any CPU
		{E00C8521-482F-4DCB-9F44-B3229A911E45}.Release|Any CPU.ActiveCfg = Release|Any CPU
		{E00C8521-482F-4DCB-9F44-B3229A911E45}.Release|Any CPU.Build.0 = Release|Any CPU
		{E00C8521-482F-4DCB-9F44-B3229A911E45}.Release|x64.ActiveCfg = Release|Any CPU
		{E00C8521-482F-4DCB-9F44-B3229A911E45}.Release|x64.Build.0 = Release|Any CPU
		{E00C8521-482F-4DCB-9F44-B3229A911E45}.Release|x86.ActiveCfg = Release|Any CPU
		{E00C8521-482F-4DCB-9F44-B3229A911E45}.Release|x86.Build.0 = Release|Any CPU
		{9B1BA1DE-8D26-46B0-AC67-03A2CA8280EE}.Debug|Any CPU.ActiveCfg = Debug|Any CPU
		{9B1BA1DE-8D26-46B0-AC67-03A2CA8280EE}.Debug|Any CPU.Build.0 = Debug|Any CPU
		{9B1BA1DE-8D26-46B0-AC67-03A2CA8280EE}.Debug|x64.ActiveCfg = Debug|Any CPU
		{9B1BA1DE-8D26-46B0-AC67-03A2CA8280EE}.Debug|x64.Build.0 = Debug|Any CPU
		{9B1BA1DE-8D26-46B0-AC67-03A2CA8280EE}.Debug|x86.ActiveCfg = Debug|Any CPU
		{9B1BA1DE-8D26-46B0-AC67-03A2CA8280EE}.Debug|x86.Build.0 = Debug|Any CPU
		{9B1BA1DE-8D26-46B0-AC67-03A2CA8280EE}.Release|Any CPU.ActiveCfg = Release|Any CPU
		{9B1BA1DE-8D26-46B0-AC67-03A2CA8280EE}.Release|Any CPU.Build.0 = Release|Any CPU
		{9B1BA1DE-8D26-46B0-AC67-03A2CA8280EE}.Release|x64.ActiveCfg = Release|Any CPU
		{9B1BA1DE-8D26-46B0-AC67-03A2CA8280EE}.Release|x64.Build.0 = Release|Any CPU
		{9B1BA1DE-8D26-46B0-AC67-03A2CA8280EE}.Release|x86.ActiveCfg = Release|Any CPU
		{9B1BA1DE-8D26-46B0-AC67-03A2CA8280EE}.Release|x86.Build.0 = Release|Any CPU
		{BCA4C6C7-32C4-4E55-B8EB-B778416E8DAF}.Debug|Any CPU.ActiveCfg = Debug|Any CPU
		{BCA4C6C7-32C4-4E55-B8EB-B778416E8DAF}.Debug|Any CPU.Build.0 = Debug|Any CPU
		{BCA4C6C7-32C4-4E55-B8EB-B778416E8DAF}.Debug|x64.ActiveCfg = Debug|Any CPU
		{BCA4C6C7-32C4-4E55-B8EB-B778416E8DAF}.Debug|x64.Build.0 = Debug|Any CPU
		{BCA4C6C7-32C4-4E55-B8EB-B778416E8DAF}.Debug|x86.ActiveCfg = Debug|Any CPU
		{BCA4C6C7-32C4-4E55-B8EB-B778416E8DAF}.Debug|x86.Build.0 = Debug|Any CPU
		{BCA4C6C7-32C4-4E55-B8EB-B778416E8DAF}.Release|Any CPU.ActiveCfg = Release|Any CPU
		{BCA4C6C7-32C4-4E55-B8EB-B778416E8DAF}.Release|Any CPU.Build.0 = Release|Any CPU
		{BCA4C6C7-32C4-4E55-B8EB-B778416E8DAF}.Release|x64.ActiveCfg = Release|Any CPU
		{BCA4C6C7-32C4-4E55-B8EB-B778416E8DAF}.Release|x64.Build.0 = Release|Any CPU
		{BCA4C6C7-32C4-4E55-B8EB-B778416E8DAF}.Release|x86.ActiveCfg = Release|Any CPU
		{BCA4C6C7-32C4-4E55-B8EB-B778416E8DAF}.Release|x86.Build.0 = Release|Any CPU
		{974C3D25-2710-4335-B152-8F7F2EEAEDD6}.Debug|Any CPU.ActiveCfg = Debug|Any CPU
		{974C3D25-2710-4335-B152-8F7F2EEAEDD6}.Debug|Any CPU.Build.0 = Debug|Any CPU
		{974C3D25-2710-4335-B152-8F7F2EEAEDD6}.Debug|x64.ActiveCfg = Debug|Any CPU
		{974C3D25-2710-4335-B152-8F7F2EEAEDD6}.Debug|x64.Build.0 = Debug|Any CPU
		{974C3D25-2710-4335-B152-8F7F2EEAEDD6}.Debug|x86.ActiveCfg = Debug|Any CPU
		{974C3D25-2710-4335-B152-8F7F2EEAEDD6}.Debug|x86.Build.0 = Debug|Any CPU
		{974C3D25-2710-4335-B152-8F7F2EEAEDD6}.Release|Any CPU.ActiveCfg = Release|Any CPU
		{974C3D25-2710-4335-B152-8F7F2EEAEDD6}.Release|Any CPU.Build.0 = Release|Any CPU
		{974C3D25-2710-4335-B152-8F7F2EEAEDD6}.Release|x64.ActiveCfg = Release|Any CPU
		{974C3D25-2710-4335-B152-8F7F2EEAEDD6}.Release|x64.Build.0 = Release|Any CPU
		{974C3D25-2710-4335-B152-8F7F2EEAEDD6}.Release|x86.ActiveCfg = Release|Any CPU
		{974C3D25-2710-4335-B152-8F7F2EEAEDD6}.Release|x86.Build.0 = Release|Any CPU
		{A5456DF8-50B4-40DD-873D-1001782009C6}.Debug|Any CPU.ActiveCfg = Debug|Any CPU
		{A5456DF8-50B4-40DD-873D-1001782009C6}.Debug|Any CPU.Build.0 = Debug|Any CPU
		{A5456DF8-50B4-40DD-873D-1001782009C6}.Debug|x64.ActiveCfg = Debug|Any CPU
		{A5456DF8-50B4-40DD-873D-1001782009C6}.Debug|x64.Build.0 = Debug|Any CPU
		{A5456DF8-50B4-40DD-873D-1001782009C6}.Debug|x86.ActiveCfg = Debug|Any CPU
		{A5456DF8-50B4-40DD-873D-1001782009C6}.Debug|x86.Build.0 = Debug|Any CPU
		{A5456DF8-50B4-40DD-873D-1001782009C6}.Release|Any CPU.ActiveCfg = Release|Any CPU
		{A5456DF8-50B4-40DD-873D-1001782009C6}.Release|Any CPU.Build.0 = Release|Any CPU
		{A5456DF8-50B4-40DD-873D-1001782009C6}.Release|x64.ActiveCfg = Release|Any CPU
		{A5456DF8-50B4-40DD-873D-1001782009C6}.Release|x64.Build.0 = Release|Any CPU
		{A5456DF8-50B4-40DD-873D-1001782009C6}.Release|x86.ActiveCfg = Release|Any CPU
		{A5456DF8-50B4-40DD-873D-1001782009C6}.Release|x86.Build.0 = Release|Any CPU
		{2EE8CDF3-B251-4EBD-9540-39D80679E944}.Debug|Any CPU.ActiveCfg = Debug|Any CPU
		{2EE8CDF3-B251-4EBD-9540-39D80679E944}.Debug|Any CPU.Build.0 = Debug|Any CPU
		{2EE8CDF3-B251-4EBD-9540-39D80679E944}.Debug|x64.ActiveCfg = Debug|Any CPU
		{2EE8CDF3-B251-4EBD-9540-39D80679E944}.Debug|x64.Build.0 = Debug|Any CPU
		{2EE8CDF3-B251-4EBD-9540-39D80679E944}.Debug|x86.ActiveCfg = Debug|Any CPU
		{2EE8CDF3-B251-4EBD-9540-39D80679E944}.Debug|x86.Build.0 = Debug|Any CPU
		{2EE8CDF3-B251-4EBD-9540-39D80679E944}.Release|Any CPU.ActiveCfg = Release|Any CPU
		{2EE8CDF3-B251-4EBD-9540-39D80679E944}.Release|Any CPU.Build.0 = Release|Any CPU
		{2EE8CDF3-B251-4EBD-9540-39D80679E944}.Release|x64.ActiveCfg = Release|Any CPU
		{2EE8CDF3-B251-4EBD-9540-39D80679E944}.Release|x64.Build.0 = Release|Any CPU
		{2EE8CDF3-B251-4EBD-9540-39D80679E944}.Release|x86.ActiveCfg = Release|Any CPU
		{2EE8CDF3-B251-4EBD-9540-39D80679E944}.Release|x86.Build.0 = Release|Any CPU
		{5C9286D3-787F-4A5F-8B66-35FF34033EE3}.Debug|Any CPU.ActiveCfg = Debug|Any CPU
		{5C9286D3-787F-4A5F-8B66-35FF34033EE3}.Debug|Any CPU.Build.0 = Debug|Any CPU
		{5C9286D3-787F-4A5F-8B66-35FF34033EE3}.Debug|x64.ActiveCfg = Debug|Any CPU
		{5C9286D3-787F-4A5F-8B66-35FF34033EE3}.Debug|x64.Build.0 = Debug|Any CPU
		{5C9286D3-787F-4A5F-8B66-35FF34033EE3}.Debug|x86.ActiveCfg = Debug|Any CPU
		{5C9286D3-787F-4A5F-8B66-35FF34033EE3}.Debug|x86.Build.0 = Debug|Any CPU
		{5C9286D3-787F-4A5F-8B66-35FF34033EE3}.Release|Any CPU.ActiveCfg = Release|Any CPU
		{5C9286D3-787F-4A5F-8B66-35FF34033EE3}.Release|Any CPU.Build.0 = Release|Any CPU
		{5C9286D3-787F-4A5F-8B66-35FF34033EE3}.Release|x64.ActiveCfg = Release|Any CPU
		{5C9286D3-787F-4A5F-8B66-35FF34033EE3}.Release|x64.Build.0 = Release|Any CPU
		{5C9286D3-787F-4A5F-8B66-35FF34033EE3}.Release|x86.ActiveCfg = Release|Any CPU
		{5C9286D3-787F-4A5F-8B66-35FF34033EE3}.Release|x86.Build.0 = Release|Any CPU
		{D86A3034-0136-49DD-BD1A-3A766FC803AE}.Debug|Any CPU.ActiveCfg = Debug|Any CPU
		{D86A3034-0136-49DD-BD1A-3A766FC803AE}.Debug|Any CPU.Build.0 = Debug|Any CPU
		{D86A3034-0136-49DD-BD1A-3A766FC803AE}.Debug|x64.ActiveCfg = Debug|Any CPU
		{D86A3034-0136-49DD-BD1A-3A766FC803AE}.Debug|x64.Build.0 = Debug|Any CPU
		{D86A3034-0136-49DD-BD1A-3A766FC803AE}.Debug|x86.ActiveCfg = Debug|Any CPU
		{D86A3034-0136-49DD-BD1A-3A766FC803AE}.Debug|x86.Build.0 = Debug|Any CPU
		{D86A3034-0136-49DD-BD1A-3A766FC803AE}.Release|Any CPU.ActiveCfg = Release|Any CPU
		{D86A3034-0136-49DD-BD1A-3A766FC803AE}.Release|Any CPU.Build.0 = Release|Any CPU
		{D86A3034-0136-49DD-BD1A-3A766FC803AE}.Release|x64.ActiveCfg = Release|Any CPU
		{D86A3034-0136-49DD-BD1A-3A766FC803AE}.Release|x64.Build.0 = Release|Any CPU
		{D86A3034-0136-49DD-BD1A-3A766FC803AE}.Release|x86.ActiveCfg = Release|Any CPU
		{D86A3034-0136-49DD-BD1A-3A766FC803AE}.Release|x86.Build.0 = Release|Any CPU
		{F23B201A-DC34-4ECA-865F-7A5E4D745A69}.Debug|Any CPU.ActiveCfg = Debug|Any CPU
		{F23B201A-DC34-4ECA-865F-7A5E4D745A69}.Debug|Any CPU.Build.0 = Debug|Any CPU
		{F23B201A-DC34-4ECA-865F-7A5E4D745A69}.Debug|x64.ActiveCfg = Debug|Any CPU
		{F23B201A-DC34-4ECA-865F-7A5E4D745A69}.Debug|x64.Build.0 = Debug|Any CPU
		{F23B201A-DC34-4ECA-865F-7A5E4D745A69}.Debug|x86.ActiveCfg = Debug|Any CPU
		{F23B201A-DC34-4ECA-865F-7A5E4D745A69}.Debug|x86.Build.0 = Debug|Any CPU
		{F23B201A-DC34-4ECA-865F-7A5E4D745A69}.Release|Any CPU.ActiveCfg = Release|Any CPU
		{F23B201A-DC34-4ECA-865F-7A5E4D745A69}.Release|Any CPU.Build.0 = Release|Any CPU
		{F23B201A-DC34-4ECA-865F-7A5E4D745A69}.Release|x64.ActiveCfg = Release|Any CPU
		{F23B201A-DC34-4ECA-865F-7A5E4D745A69}.Release|x64.Build.0 = Release|Any CPU
		{F23B201A-DC34-4ECA-865F-7A5E4D745A69}.Release|x86.ActiveCfg = Release|Any CPU
		{F23B201A-DC34-4ECA-865F-7A5E4D745A69}.Release|x86.Build.0 = Release|Any CPU
		{24226735-B22F-4F8B-9982-A9043759A4A1}.Debug|Any CPU.ActiveCfg = Debug|Any CPU
		{24226735-B22F-4F8B-9982-A9043759A4A1}.Debug|Any CPU.Build.0 = Debug|Any CPU
		{24226735-B22F-4F8B-9982-A9043759A4A1}.Debug|x64.ActiveCfg = Debug|Any CPU
		{24226735-B22F-4F8B-9982-A9043759A4A1}.Debug|x64.Build.0 = Debug|Any CPU
		{24226735-B22F-4F8B-9982-A9043759A4A1}.Debug|x86.ActiveCfg = Debug|Any CPU
		{24226735-B22F-4F8B-9982-A9043759A4A1}.Debug|x86.Build.0 = Debug|Any CPU
		{24226735-B22F-4F8B-9982-A9043759A4A1}.Release|Any CPU.ActiveCfg = Release|Any CPU
		{24226735-B22F-4F8B-9982-A9043759A4A1}.Release|Any CPU.Build.0 = Release|Any CPU
		{24226735-B22F-4F8B-9982-A9043759A4A1}.Release|x64.ActiveCfg = Release|Any CPU
		{24226735-B22F-4F8B-9982-A9043759A4A1}.Release|x64.Build.0 = Release|Any CPU
		{24226735-B22F-4F8B-9982-A9043759A4A1}.Release|x86.ActiveCfg = Release|Any CPU
		{24226735-B22F-4F8B-9982-A9043759A4A1}.Release|x86.Build.0 = Release|Any CPU
		{77FFE993-2574-4608-B4B3-D1E7A2F5987D}.Debug|Any CPU.ActiveCfg = Debug|Any CPU
		{77FFE993-2574-4608-B4B3-D1E7A2F5987D}.Debug|Any CPU.Build.0 = Debug|Any CPU
		{77FFE993-2574-4608-B4B3-D1E7A2F5987D}.Debug|x64.ActiveCfg = Debug|Any CPU
		{77FFE993-2574-4608-B4B3-D1E7A2F5987D}.Debug|x64.Build.0 = Debug|Any CPU
		{77FFE993-2574-4608-B4B3-D1E7A2F5987D}.Debug|x86.ActiveCfg = Debug|Any CPU
		{77FFE993-2574-4608-B4B3-D1E7A2F5987D}.Debug|x86.Build.0 = Debug|Any CPU
		{77FFE993-2574-4608-B4B3-D1E7A2F5987D}.Release|Any CPU.ActiveCfg = Release|Any CPU
		{77FFE993-2574-4608-B4B3-D1E7A2F5987D}.Release|Any CPU.Build.0 = Release|Any CPU
		{77FFE993-2574-4608-B4B3-D1E7A2F5987D}.Release|x64.ActiveCfg = Release|Any CPU
		{77FFE993-2574-4608-B4B3-D1E7A2F5987D}.Release|x64.Build.0 = Release|Any CPU
		{77FFE993-2574-4608-B4B3-D1E7A2F5987D}.Release|x86.ActiveCfg = Release|Any CPU
		{77FFE993-2574-4608-B4B3-D1E7A2F5987D}.Release|x86.Build.0 = Release|Any CPU
		{3AE847C7-FFDB-448E-B66A-96DA4A74009A}.Debug|Any CPU.ActiveCfg = Debug|Any CPU
		{3AE847C7-FFDB-448E-B66A-96DA4A74009A}.Debug|Any CPU.Build.0 = Debug|Any CPU
		{3AE847C7-FFDB-448E-B66A-96DA4A74009A}.Debug|x64.ActiveCfg = Debug|Any CPU
		{3AE847C7-FFDB-448E-B66A-96DA4A74009A}.Debug|x64.Build.0 = Debug|Any CPU
		{3AE847C7-FFDB-448E-B66A-96DA4A74009A}.Debug|x86.ActiveCfg = Debug|Any CPU
		{3AE847C7-FFDB-448E-B66A-96DA4A74009A}.Debug|x86.Build.0 = Debug|Any CPU
		{3AE847C7-FFDB-448E-B66A-96DA4A74009A}.Release|Any CPU.ActiveCfg = Release|Any CPU
		{3AE847C7-FFDB-448E-B66A-96DA4A74009A}.Release|Any CPU.Build.0 = Release|Any CPU
		{3AE847C7-FFDB-448E-B66A-96DA4A74009A}.Release|x64.ActiveCfg = Release|Any CPU
		{3AE847C7-FFDB-448E-B66A-96DA4A74009A}.Release|x64.Build.0 = Release|Any CPU
		{3AE847C7-FFDB-448E-B66A-96DA4A74009A}.Release|x86.ActiveCfg = Release|Any CPU
		{3AE847C7-FFDB-448E-B66A-96DA4A74009A}.Release|x86.Build.0 = Release|Any CPU
		{99D81BBC-D4B5-457F-AB1E-15E7ED71FCC8}.Debug|Any CPU.ActiveCfg = Debug|Any CPU
		{99D81BBC-D4B5-457F-AB1E-15E7ED71FCC8}.Debug|Any CPU.Build.0 = Debug|Any CPU
		{99D81BBC-D4B5-457F-AB1E-15E7ED71FCC8}.Debug|x64.ActiveCfg = Debug|Any CPU
		{99D81BBC-D4B5-457F-AB1E-15E7ED71FCC8}.Debug|x64.Build.0 = Debug|Any CPU
		{99D81BBC-D4B5-457F-AB1E-15E7ED71FCC8}.Debug|x86.ActiveCfg = Debug|Any CPU
		{99D81BBC-D4B5-457F-AB1E-15E7ED71FCC8}.Debug|x86.Build.0 = Debug|Any CPU
		{99D81BBC-D4B5-457F-AB1E-15E7ED71FCC8}.Release|Any CPU.ActiveCfg = Release|Any CPU
		{99D81BBC-D4B5-457F-AB1E-15E7ED71FCC8}.Release|Any CPU.Build.0 = Release|Any CPU
		{99D81BBC-D4B5-457F-AB1E-15E7ED71FCC8}.Release|x64.ActiveCfg = Release|Any CPU
		{99D81BBC-D4B5-457F-AB1E-15E7ED71FCC8}.Release|x64.Build.0 = Release|Any CPU
		{99D81BBC-D4B5-457F-AB1E-15E7ED71FCC8}.Release|x86.ActiveCfg = Release|Any CPU
		{99D81BBC-D4B5-457F-AB1E-15E7ED71FCC8}.Release|x86.Build.0 = Release|Any CPU
		{82FFEB91-AC63-47B8-AC17-E6818F7831C8}.Debug|Any CPU.ActiveCfg = Debug|Any CPU
		{82FFEB91-AC63-47B8-AC17-E6818F7831C8}.Debug|Any CPU.Build.0 = Debug|Any CPU
		{82FFEB91-AC63-47B8-AC17-E6818F7831C8}.Debug|x64.ActiveCfg = Debug|Any CPU
		{82FFEB91-AC63-47B8-AC17-E6818F7831C8}.Debug|x64.Build.0 = Debug|Any CPU
		{82FFEB91-AC63-47B8-AC17-E6818F7831C8}.Debug|x86.ActiveCfg = Debug|Any CPU
		{82FFEB91-AC63-47B8-AC17-E6818F7831C8}.Debug|x86.Build.0 = Debug|Any CPU
		{82FFEB91-AC63-47B8-AC17-E6818F7831C8}.Release|Any CPU.ActiveCfg = Release|Any CPU
		{82FFEB91-AC63-47B8-AC17-E6818F7831C8}.Release|Any CPU.Build.0 = Release|Any CPU
		{82FFEB91-AC63-47B8-AC17-E6818F7831C8}.Release|x64.ActiveCfg = Release|Any CPU
		{82FFEB91-AC63-47B8-AC17-E6818F7831C8}.Release|x64.Build.0 = Release|Any CPU
		{82FFEB91-AC63-47B8-AC17-E6818F7831C8}.Release|x86.ActiveCfg = Release|Any CPU
		{82FFEB91-AC63-47B8-AC17-E6818F7831C8}.Release|x86.Build.0 = Release|Any CPU
		{A1D501C2-61E6-4866-8BED-146C54D105F8}.Debug|Any CPU.ActiveCfg = Debug|Any CPU
		{A1D501C2-61E6-4866-8BED-146C54D105F8}.Debug|Any CPU.Build.0 = Debug|Any CPU
		{A1D501C2-61E6-4866-8BED-146C54D105F8}.Debug|x64.ActiveCfg = Debug|Any CPU
		{A1D501C2-61E6-4866-8BED-146C54D105F8}.Debug|x64.Build.0 = Debug|Any CPU
		{A1D501C2-61E6-4866-8BED-146C54D105F8}.Debug|x86.ActiveCfg = Debug|Any CPU
		{A1D501C2-61E6-4866-8BED-146C54D105F8}.Debug|x86.Build.0 = Debug|Any CPU
		{A1D501C2-61E6-4866-8BED-146C54D105F8}.Release|Any CPU.ActiveCfg = Release|Any CPU
		{A1D501C2-61E6-4866-8BED-146C54D105F8}.Release|Any CPU.Build.0 = Release|Any CPU
		{A1D501C2-61E6-4866-8BED-146C54D105F8}.Release|x64.ActiveCfg = Release|Any CPU
		{A1D501C2-61E6-4866-8BED-146C54D105F8}.Release|x64.Build.0 = Release|Any CPU
		{A1D501C2-61E6-4866-8BED-146C54D105F8}.Release|x86.ActiveCfg = Release|Any CPU
		{A1D501C2-61E6-4866-8BED-146C54D105F8}.Release|x86.Build.0 = Release|Any CPU
		{4EF464C9-5B4A-458A-8916-DEEB6045C48C}.Debug|Any CPU.ActiveCfg = Debug|Any CPU
		{4EF464C9-5B4A-458A-8916-DEEB6045C48C}.Debug|Any CPU.Build.0 = Debug|Any CPU
		{4EF464C9-5B4A-458A-8916-DEEB6045C48C}.Debug|x64.ActiveCfg = Debug|Any CPU
		{4EF464C9-5B4A-458A-8916-DEEB6045C48C}.Debug|x64.Build.0 = Debug|Any CPU
		{4EF464C9-5B4A-458A-8916-DEEB6045C48C}.Debug|x86.ActiveCfg = Debug|Any CPU
		{4EF464C9-5B4A-458A-8916-DEEB6045C48C}.Debug|x86.Build.0 = Debug|Any CPU
		{4EF464C9-5B4A-458A-8916-DEEB6045C48C}.Release|Any CPU.ActiveCfg = Release|Any CPU
		{4EF464C9-5B4A-458A-8916-DEEB6045C48C}.Release|Any CPU.Build.0 = Release|Any CPU
		{4EF464C9-5B4A-458A-8916-DEEB6045C48C}.Release|x64.ActiveCfg = Release|Any CPU
		{4EF464C9-5B4A-458A-8916-DEEB6045C48C}.Release|x64.Build.0 = Release|Any CPU
		{4EF464C9-5B4A-458A-8916-DEEB6045C48C}.Release|x86.ActiveCfg = Release|Any CPU
		{4EF464C9-5B4A-458A-8916-DEEB6045C48C}.Release|x86.Build.0 = Release|Any CPU
		{4015C8B4-7C67-4A2E-AAC0-A4D86713CBAB}.Debug|Any CPU.ActiveCfg = Debug|Any CPU
		{4015C8B4-7C67-4A2E-AAC0-A4D86713CBAB}.Debug|Any CPU.Build.0 = Debug|Any CPU
		{4015C8B4-7C67-4A2E-AAC0-A4D86713CBAB}.Debug|x64.ActiveCfg = Debug|Any CPU
		{4015C8B4-7C67-4A2E-AAC0-A4D86713CBAB}.Debug|x64.Build.0 = Debug|Any CPU
		{4015C8B4-7C67-4A2E-AAC0-A4D86713CBAB}.Debug|x86.ActiveCfg = Debug|Any CPU
		{4015C8B4-7C67-4A2E-AAC0-A4D86713CBAB}.Debug|x86.Build.0 = Debug|Any CPU
		{4015C8B4-7C67-4A2E-AAC0-A4D86713CBAB}.Release|Any CPU.ActiveCfg = Release|Any CPU
		{4015C8B4-7C67-4A2E-AAC0-A4D86713CBAB}.Release|Any CPU.Build.0 = Release|Any CPU
		{4015C8B4-7C67-4A2E-AAC0-A4D86713CBAB}.Release|x64.ActiveCfg = Release|Any CPU
		{4015C8B4-7C67-4A2E-AAC0-A4D86713CBAB}.Release|x64.Build.0 = Release|Any CPU
		{4015C8B4-7C67-4A2E-AAC0-A4D86713CBAB}.Release|x86.ActiveCfg = Release|Any CPU
		{4015C8B4-7C67-4A2E-AAC0-A4D86713CBAB}.Release|x86.Build.0 = Release|Any CPU
		{37EC36A7-7028-4007-AA9A-B84E7F6915B6}.Debug|Any CPU.ActiveCfg = Debug|Any CPU
		{37EC36A7-7028-4007-AA9A-B84E7F6915B6}.Debug|Any CPU.Build.0 = Debug|Any CPU
		{37EC36A7-7028-4007-AA9A-B84E7F6915B6}.Debug|x64.ActiveCfg = Debug|Any CPU
		{37EC36A7-7028-4007-AA9A-B84E7F6915B6}.Debug|x64.Build.0 = Debug|Any CPU
		{37EC36A7-7028-4007-AA9A-B84E7F6915B6}.Debug|x86.ActiveCfg = Debug|Any CPU
		{37EC36A7-7028-4007-AA9A-B84E7F6915B6}.Debug|x86.Build.0 = Debug|Any CPU
		{37EC36A7-7028-4007-AA9A-B84E7F6915B6}.Release|Any CPU.ActiveCfg = Release|Any CPU
		{37EC36A7-7028-4007-AA9A-B84E7F6915B6}.Release|Any CPU.Build.0 = Release|Any CPU
		{37EC36A7-7028-4007-AA9A-B84E7F6915B6}.Release|x64.ActiveCfg = Release|Any CPU
		{37EC36A7-7028-4007-AA9A-B84E7F6915B6}.Release|x64.Build.0 = Release|Any CPU
		{37EC36A7-7028-4007-AA9A-B84E7F6915B6}.Release|x86.ActiveCfg = Release|Any CPU
		{37EC36A7-7028-4007-AA9A-B84E7F6915B6}.Release|x86.Build.0 = Release|Any CPU
		{02487854-D9F9-4C61-9245-10873EBFAF4A}.Debug|Any CPU.ActiveCfg = Debug|Any CPU
		{02487854-D9F9-4C61-9245-10873EBFAF4A}.Debug|Any CPU.Build.0 = Debug|Any CPU
		{02487854-D9F9-4C61-9245-10873EBFAF4A}.Debug|x64.ActiveCfg = Debug|Any CPU
		{02487854-D9F9-4C61-9245-10873EBFAF4A}.Debug|x64.Build.0 = Debug|Any CPU
		{02487854-D9F9-4C61-9245-10873EBFAF4A}.Debug|x86.ActiveCfg = Debug|Any CPU
		{02487854-D9F9-4C61-9245-10873EBFAF4A}.Debug|x86.Build.0 = Debug|Any CPU
		{02487854-D9F9-4C61-9245-10873EBFAF4A}.Release|Any CPU.ActiveCfg = Release|Any CPU
		{02487854-D9F9-4C61-9245-10873EBFAF4A}.Release|Any CPU.Build.0 = Release|Any CPU
		{02487854-D9F9-4C61-9245-10873EBFAF4A}.Release|x64.ActiveCfg = Release|Any CPU
		{02487854-D9F9-4C61-9245-10873EBFAF4A}.Release|x64.Build.0 = Release|Any CPU
		{02487854-D9F9-4C61-9245-10873EBFAF4A}.Release|x86.ActiveCfg = Release|Any CPU
		{02487854-D9F9-4C61-9245-10873EBFAF4A}.Release|x86.Build.0 = Release|Any CPU
		{59AEB7E3-B977-49DF-801D-C1AA2E5C64D3}.Debug|Any CPU.ActiveCfg = Debug|Any CPU
		{59AEB7E3-B977-49DF-801D-C1AA2E5C64D3}.Debug|Any CPU.Build.0 = Debug|Any CPU
		{59AEB7E3-B977-49DF-801D-C1AA2E5C64D3}.Debug|x64.ActiveCfg = Debug|Any CPU
		{59AEB7E3-B977-49DF-801D-C1AA2E5C64D3}.Debug|x64.Build.0 = Debug|Any CPU
		{59AEB7E3-B977-49DF-801D-C1AA2E5C64D3}.Debug|x86.ActiveCfg = Debug|Any CPU
		{59AEB7E3-B977-49DF-801D-C1AA2E5C64D3}.Debug|x86.Build.0 = Debug|Any CPU
		{59AEB7E3-B977-49DF-801D-C1AA2E5C64D3}.Release|Any CPU.ActiveCfg = Release|Any CPU
		{59AEB7E3-B977-49DF-801D-C1AA2E5C64D3}.Release|Any CPU.Build.0 = Release|Any CPU
		{59AEB7E3-B977-49DF-801D-C1AA2E5C64D3}.Release|x64.ActiveCfg = Release|Any CPU
		{59AEB7E3-B977-49DF-801D-C1AA2E5C64D3}.Release|x64.Build.0 = Release|Any CPU
		{59AEB7E3-B977-49DF-801D-C1AA2E5C64D3}.Release|x86.ActiveCfg = Release|Any CPU
		{59AEB7E3-B977-49DF-801D-C1AA2E5C64D3}.Release|x86.Build.0 = Release|Any CPU
	EndGlobalSection
	GlobalSection(SolutionProperties) = preSolution
		HideSolutionNode = FALSE
	EndGlobalSection
	GlobalSection(NestedProjects) = preSolution
		{07A1AB58-4051-4B75-99A0-3A2DC48458E3} = {2CF74C4F-D1D6-45E3-9AF6-AFCCD1E64665}
		{3A012DB3-D0BF-4084-AB33-CBBEC8C5779F} = {07A1AB58-4051-4B75-99A0-3A2DC48458E3}
		{7D5AED2D-8DDF-4154-AF75-DDBC103C48FD} = {07A1AB58-4051-4B75-99A0-3A2DC48458E3}
		{C8D7C6C8-FA9E-4901-A2C3-CD40E2024B46} = {07A1AB58-4051-4B75-99A0-3A2DC48458E3}
		{C92AC4CC-46D0-435C-BA67-BCFA6F6C013E} = {07A1AB58-4051-4B75-99A0-3A2DC48458E3}
		{442981C3-C395-44F8-B417-257DBBA3DCBF} = {07A1AB58-4051-4B75-99A0-3A2DC48458E3}
		{8C137A06-BB87-46B4-B95B-A48E5E1EC50C} = {2CF74C4F-D1D6-45E3-9AF6-AFCCD1E64665}
		{02EA681E-C7D8-13C7-8484-4AC65E1B71E8} = {94FEF38A-DA45-4CF1-A0DD-EA337586A1AF}
		{0BCD90B6-843E-4B7E-BEB7-B6ADABFCF1FF} = {94FEF38A-DA45-4CF1-A0DD-EA337586A1AF}
		{563EC0BE-2A11-4F85-ADFD-5AE79ED29E8A} = {94FEF38A-DA45-4CF1-A0DD-EA337586A1AF}
		{2F04AA8D-AD3A-42C9-89C9-27A6F55A14EA} = {94FEF38A-DA45-4CF1-A0DD-EA337586A1AF}
		{57684545-BFBC-4A35-B4F8-C43CA663BCDD} = {2F04AA8D-AD3A-42C9-89C9-27A6F55A14EA}
		{F86DBC26-0139-4136-B8B8-35688ECB1157} = {02EA681E-C7D8-13C7-8484-4AC65E1B71E8}
		{080C1F14-B9A0-4678-A786-1C3E1FCF450D} = {02EA681E-C7D8-13C7-8484-4AC65E1B71E8}
		{25DF70A6-70E0-4895-A020-15595C8569B8} = {02EA681E-C7D8-13C7-8484-4AC65E1B71E8}
		{E00C8521-482F-4DCB-9F44-B3229A911E45} = {02EA681E-C7D8-13C7-8484-4AC65E1B71E8}
		{9B1BA1DE-8D26-46B0-AC67-03A2CA8280EE} = {02EA681E-C7D8-13C7-8484-4AC65E1B71E8}
		{BCA4C6C7-32C4-4E55-B8EB-B778416E8DAF} = {02EA681E-C7D8-13C7-8484-4AC65E1B71E8}
		{974C3D25-2710-4335-B152-8F7F2EEAEDD6} = {02EA681E-C7D8-13C7-8484-4AC65E1B71E8}
		{A5456DF8-50B4-40DD-873D-1001782009C6} = {02EA681E-C7D8-13C7-8484-4AC65E1B71E8}
		{2EE8CDF3-B251-4EBD-9540-39D80679E944} = {02EA681E-C7D8-13C7-8484-4AC65E1B71E8}
		{5C9286D3-787F-4A5F-8B66-35FF34033EE3} = {02EA681E-C7D8-13C7-8484-4AC65E1B71E8}
		{D86A3034-0136-49DD-BD1A-3A766FC803AE} = {02EA681E-C7D8-13C7-8484-4AC65E1B71E8}
		{F23B201A-DC34-4ECA-865F-7A5E4D745A69} = {0BCD90B6-843E-4B7E-BEB7-B6ADABFCF1FF}
		{24226735-B22F-4F8B-9982-A9043759A4A1} = {0BCD90B6-843E-4B7E-BEB7-B6ADABFCF1FF}
		{77FFE993-2574-4608-B4B3-D1E7A2F5987D} = {0BCD90B6-843E-4B7E-BEB7-B6ADABFCF1FF}
		{3AE847C7-FFDB-448E-B66A-96DA4A74009A} = {0BCD90B6-843E-4B7E-BEB7-B6ADABFCF1FF}
		{99D81BBC-D4B5-457F-AB1E-15E7ED71FCC8} = {0BCD90B6-843E-4B7E-BEB7-B6ADABFCF1FF}
		{82FFEB91-AC63-47B8-AC17-E6818F7831C8} = {0BCD90B6-843E-4B7E-BEB7-B6ADABFCF1FF}
		{A1D501C2-61E6-4866-8BED-146C54D105F8} = {0BCD90B6-843E-4B7E-BEB7-B6ADABFCF1FF}
		{4EF464C9-5B4A-458A-8916-DEEB6045C48C} = {0BCD90B6-843E-4B7E-BEB7-B6ADABFCF1FF}
		{4015C8B4-7C67-4A2E-AAC0-A4D86713CBAB} = {0BCD90B6-843E-4B7E-BEB7-B6ADABFCF1FF}
		{37EC36A7-7028-4007-AA9A-B84E7F6915B6} = {1DC54DB2-8CFA-4B0F-8DE6-F508646DE4CD}
		{02487854-D9F9-4C61-9245-10873EBFAF4A} = {02EA681E-C7D8-13C7-8484-4AC65E1B71E8}
		{59AEB7E3-B977-49DF-801D-C1AA2E5C64D3} = {2F04AA8D-AD3A-42C9-89C9-27A6F55A14EA}
	EndGlobalSection
	GlobalSection(ExtensibilityGlobals) = postSolution
		SolutionGuid = {E278ADA2-B7D4-46F5-91C8-988E8CB3B734}
	EndGlobalSection
EndGlobal
