
Microsoft Visual Studio Solution File, Format Version 12.00
# Visual Studio Version 17
VisualStudioVersion = 17.14.36518.9
MinimumVisualStudioVersion = 10.0.40219.1
Project("{2150E333-8FDC-42A3-9474-1A3956D46DE8}") = "Solution Items", "Solution Items", "{CF68B68C-8A91-4020-AA05-C6862858DAB7}"
	ProjectSection(SolutionItems) = preProject
		.copilotignore = .copilotignore
		.gitignore = .gitignore
		Directory.Build.props = Directory.Build.props
		Directory.Build.targets = Directory.Build.targets
		Directory.Packages.props = Directory.Packages.props
		global.json = global.json
		LICENSE = LICENSE
		README.md = README.md
		Solution-Integration-Complete.md = Solution-Integration-Complete.md
		version.json = version.json
		VisionaryCoder.Framework.README.md = VisionaryCoder.Framework.README.md
		.editorconfig = .editorconfig
		analyze-duplicates.ps1 = analyze-duplicates.ps1
		detailed-analysis.ps1 = detailed-analysis.ps1
	EndProjectSection
EndProject
Project("{2150E333-8FDC-42A3-9474-1A3956D46DE8}") = "src", "src", "{94FEF38A-DA45-4CF1-A0DD-EA337586A1AF}"
EndProject
Project("{2150E333-8FDC-42A3-9474-1A3956D46DE8}") = ".github", ".github", "{A87D5213-6DF1-4E17-83D1-FCBB76750022}"
	ProjectSection(SolutionItems) = preProject
		.github\copilot-instructions.md = .github\copilot-instructions.md
	EndProjectSection
EndProject
Project("{2150E333-8FDC-42A3-9474-1A3956D46DE8}") = "instructions", "instructions", "{B2F4986D-7916-4E4A-9169-F24065D29D1B}"
	ProjectSection(SolutionItems) = preProject
		.github\instructions\architecture.instructions.md = .github\instructions\architecture.instructions.md
		.github\instructions\azure.instructions.md = .github\instructions\azure.instructions.md
		csharp.instructions.md = csharp.instructions.md
		database.instructions.md = database.instructions.md
		playwright-instructions.md = playwright-instructions.md
		ui.instructions.md = ui.instructions.md
	EndProjectSection
EndProject
Project("{2150E333-8FDC-42A3-9474-1A3956D46DE8}") = "workflows", "workflows", "{E967C62C-2127-4EB7-A8D3-F6A6F1E76EF6}"
	ProjectSection(SolutionItems) = preProject
		verify-copilot-instructions.yml = verify-copilot-instructions.yml
	EndProjectSection
EndProject
Project("{FAE04EC0-301F-11D3-BF4B-00C04F79EFBC}") = "VisionaryCoder.Framework.Proxy", "src\VisionaryCoder.Framework.Proxy\VisionaryCoder.Framework.Proxy.csproj", "{D6925C79-D157-4053-8ABF-C74FAA8717A3}"
EndProject
Project("{2150E333-8FDC-42A3-9474-1A3956D46DE8}") = ".best-practices", ".best-practices", "{C2B33938-AE71-AF10-05E6-67F4873F4C49}"
	ProjectSection(SolutionItems) = preProject
		.best-practices\radar.md = .best-practices\radar.md
	EndProjectSection
EndProject
Project("{2150E333-8FDC-42A3-9474-1A3956D46DE8}") = ".copilot", ".copilot", "{97CED195-F648-4791-915D-D3771753A2B7}"
	ProjectSection(SolutionItems) = preProject
		.copilot\design-patterns.md = .copilot\design-patterns.md
		.copilot\repo-standards.md = .copilot\repo-standards.md
	EndProjectSection
EndProject
Project("{2150E333-8FDC-42A3-9474-1A3956D46DE8}") = ".nuget", ".nuget", "{15F01A9A-90BF-4E18-B3DF-5F5E6DE97C39}"
EndProject
Project("{2150E333-8FDC-42A3-9474-1A3956D46DE8}") = "docs", "docs", "{CB6260C4-9E72-4283-96F2-7D671B9CCB2C}"
	ProjectSection(SolutionItems) = preProject
		docs\index.md = docs\index.md
		docs\onboarding.md = docs\onboarding.md
	EndProjectSection
EndProject
Project("{2150E333-8FDC-42A3-9474-1A3956D46DE8}") = "scripts", "scripts", "{8A3F8F21-1B2C-4D5E-9F7A-3C8D5E6F2A1B}"
	ProjectSection(SolutionItems) = preProject
		scripts\AddAllProjects.ps1 = scripts\AddAllProjects.ps1
		scripts\AddDirectoriesToSolution.ps1 = scripts\AddDirectoriesToSolution.ps1
		scripts\AddDirectoriesToSolution_Fixed.ps1 = scripts\AddDirectoriesToSolution_Fixed.ps1
		scripts\RenameAllProjects.ps1 = scripts\RenameAllProjects.ps1
		scripts\UpdateNamespaces.ps1 = scripts\UpdateNamespaces.ps1
	EndProjectSection
EndProject
Project("{FAE04EC0-301F-11D3-BF4B-00C04F79EFBC}") = "VisionaryCoder.Framework", "src\VisionaryCoder.Framework\VisionaryCoder.Framework.csproj", "{E4F7F080-29EC-4D7B-BD0B-EA6DC39C0676}"
EndProject
Project("{2150E333-8FDC-42A3-9474-1A3956D46DE8}") = "NuGet", "NuGet", "{02EA681E-C7D8-13C7-8484-4AC65E1B71E8}"
	ProjectSection(SolutionItems) = preProject
		.nuget\NuGet\NuGet.config = .nuget\NuGet\NuGet.config
	EndProjectSection
EndProject
Project("{2150E333-8FDC-42A3-9474-1A3956D46DE8}") = "tests", "tests", "{0AB3BF05-4346-4AA6-1389-037BE0695223}"
EndProject
Project("{FAE04EC0-301F-11D3-BF4B-00C04F79EFBC}") = "VisionaryCoder.Framework.Abstractions", "src\VisionaryCoder.Framework.Abstractions\VisionaryCoder.Framework.Abstractions.csproj", "{1BADFA89-EEBC-4818-BED3-333FCE9B63D7}"
EndProject
Project("{FAE04EC0-301F-11D3-BF4B-00C04F79EFBC}") = "VisionaryCoder.Framework.Proxy.Abstractions", "src\VisionaryCoder.Framework.Proxy.Abstractions\VisionaryCoder.Framework.Proxy.Abstractions.csproj", "{CB224681-B6B9-49D4-B019-19A4A25A2185}"
EndProject
Project("{FAE04EC0-301F-11D3-BF4B-00C04F79EFBC}") = "VisionaryCoder.Framework.Tests", "tests\VisionaryCoder.Framework.Tests\VisionaryCoder.Framework.Tests.csproj", "{B52FF991-2A64-45D0-804F-E8F9576B55F2}"
EndProject
Project("{FAE04EC0-301F-11D3-BF4B-00C04F79EFBC}") = "VisionaryCoder.Framework.Abstractions.Tests", "tests\VisionaryCoder.Framework.Abstractions.Tests\VisionaryCoder.Framework.Abstractions.Tests.csproj", "{C964BF28-4A11-48AB-92E4-9E25C915D7D6}"
EndProject
Project("{FAE04EC0-301F-11D3-BF4B-00C04F79EFBC}") = "VisionaryCoder.Framework.Proxy.Tests", "tests\VisionaryCoder.Framework.Proxy.Tests\VisionaryCoder.Framework.Proxy.Tests.csproj", "{19950D84-F489-48BC-A55F-8E8FCDBFFABC}"
EndProject
Project("{FAE04EC0-301F-11D3-BF4B-00C04F79EFBC}") = "VisionaryCoder.Framework.Proxy.Abstractions.Tests", "tests\VisionaryCoder.Framework.Proxy.Abstractions.Tests\VisionaryCoder.Framework.Proxy.Abstractions.Tests.csproj", "{440BF4BB-5054-4CFA-A65A-D33290B2E47C}"
EndProject
Global
	GlobalSection(SolutionConfigurationPlatforms) = preSolution
		Debug|Any CPU = Debug|Any CPU
		Debug|x64 = Debug|x64
		Debug|x86 = Debug|x86
		Release|Any CPU = Release|Any CPU
		Release|x64 = Release|x64
		Release|x86 = Release|x86
	EndGlobalSection
	GlobalSection(ProjectConfigurationPlatforms) = postSolution
		{D6925C79-D157-4053-8ABF-C74FAA8717A3}.Debug|Any CPU.ActiveCfg = Debug|Any CPU
		{D6925C79-D157-4053-8ABF-C74FAA8717A3}.Debug|Any CPU.Build.0 = Debug|Any CPU
		{D6925C79-D157-4053-8ABF-C74FAA8717A3}.Debug|x64.ActiveCfg = Debug|Any CPU
		{D6925C79-D157-4053-8ABF-C74FAA8717A3}.Debug|x64.Build.0 = Debug|Any CPU
		{D6925C79-D157-4053-8ABF-C74FAA8717A3}.Debug|x86.ActiveCfg = Debug|Any CPU
		{D6925C79-D157-4053-8ABF-C74FAA8717A3}.Debug|x86.Build.0 = Debug|Any CPU
		{D6925C79-D157-4053-8ABF-C74FAA8717A3}.Release|Any CPU.ActiveCfg = Release|Any CPU
		{D6925C79-D157-4053-8ABF-C74FAA8717A3}.Release|Any CPU.Build.0 = Release|Any CPU
		{D6925C79-D157-4053-8ABF-C74FAA8717A3}.Release|x64.ActiveCfg = Release|Any CPU
		{D6925C79-D157-4053-8ABF-C74FAA8717A3}.Release|x64.Build.0 = Release|Any CPU
		{D6925C79-D157-4053-8ABF-C74FAA8717A3}.Release|x86.ActiveCfg = Release|Any CPU
		{D6925C79-D157-4053-8ABF-C74FAA8717A3}.Release|x86.Build.0 = Release|Any CPU
		{E4F7F080-29EC-4D7B-BD0B-EA6DC39C0676}.Debug|Any CPU.ActiveCfg = Debug|Any CPU
		{E4F7F080-29EC-4D7B-BD0B-EA6DC39C0676}.Debug|Any CPU.Build.0 = Debug|Any CPU
		{E4F7F080-29EC-4D7B-BD0B-EA6DC39C0676}.Debug|x64.ActiveCfg = Debug|Any CPU
		{E4F7F080-29EC-4D7B-BD0B-EA6DC39C0676}.Debug|x64.Build.0 = Debug|Any CPU
		{E4F7F080-29EC-4D7B-BD0B-EA6DC39C0676}.Debug|x86.ActiveCfg = Debug|Any CPU
		{E4F7F080-29EC-4D7B-BD0B-EA6DC39C0676}.Debug|x86.Build.0 = Debug|Any CPU
		{E4F7F080-29EC-4D7B-BD0B-EA6DC39C0676}.Release|Any CPU.ActiveCfg = Release|Any CPU
		{E4F7F080-29EC-4D7B-BD0B-EA6DC39C0676}.Release|Any CPU.Build.0 = Release|Any CPU
		{E4F7F080-29EC-4D7B-BD0B-EA6DC39C0676}.Release|x64.ActiveCfg = Release|Any CPU
		{E4F7F080-29EC-4D7B-BD0B-EA6DC39C0676}.Release|x64.Build.0 = Release|Any CPU
		{E4F7F080-29EC-4D7B-BD0B-EA6DC39C0676}.Release|x86.ActiveCfg = Release|Any CPU
		{E4F7F080-29EC-4D7B-BD0B-EA6DC39C0676}.Release|x86.Build.0 = Release|Any CPU
		{1BADFA89-EEBC-4818-BED3-333FCE9B63D7}.Debug|Any CPU.ActiveCfg = Debug|Any CPU
		{1BADFA89-EEBC-4818-BED3-333FCE9B63D7}.Debug|Any CPU.Build.0 = Debug|Any CPU
		{1BADFA89-EEBC-4818-BED3-333FCE9B63D7}.Debug|x64.ActiveCfg = Debug|Any CPU
		{1BADFA89-EEBC-4818-BED3-333FCE9B63D7}.Debug|x64.Build.0 = Debug|Any CPU
		{1BADFA89-EEBC-4818-BED3-333FCE9B63D7}.Debug|x86.ActiveCfg = Debug|Any CPU
		{1BADFA89-EEBC-4818-BED3-333FCE9B63D7}.Debug|x86.Build.0 = Debug|Any CPU
		{1BADFA89-EEBC-4818-BED3-333FCE9B63D7}.Release|Any CPU.ActiveCfg = Release|Any CPU
		{1BADFA89-EEBC-4818-BED3-333FCE9B63D7}.Release|Any CPU.Build.0 = Release|Any CPU
		{1BADFA89-EEBC-4818-BED3-333FCE9B63D7}.Release|x64.ActiveCfg = Release|Any CPU
		{1BADFA89-EEBC-4818-BED3-333FCE9B63D7}.Release|x64.Build.0 = Release|Any CPU
		{1BADFA89-EEBC-4818-BED3-333FCE9B63D7}.Release|x86.ActiveCfg = Release|Any CPU
		{1BADFA89-EEBC-4818-BED3-333FCE9B63D7}.Release|x86.Build.0 = Release|Any CPU
		{CB224681-B6B9-49D4-B019-19A4A25A2185}.Debug|Any CPU.ActiveCfg = Debug|Any CPU
		{CB224681-B6B9-49D4-B019-19A4A25A2185}.Debug|Any CPU.Build.0 = Debug|Any CPU
		{CB224681-B6B9-49D4-B019-19A4A25A2185}.Debug|x64.ActiveCfg = Debug|Any CPU
		{CB224681-B6B9-49D4-B019-19A4A25A2185}.Debug|x64.Build.0 = Debug|Any CPU
		{CB224681-B6B9-49D4-B019-19A4A25A2185}.Debug|x86.ActiveCfg = Debug|Any CPU
		{CB224681-B6B9-49D4-B019-19A4A25A2185}.Debug|x86.Build.0 = Debug|Any CPU
		{CB224681-B6B9-49D4-B019-19A4A25A2185}.Release|Any CPU.ActiveCfg = Release|Any CPU
		{CB224681-B6B9-49D4-B019-19A4A25A2185}.Release|Any CPU.Build.0 = Release|Any CPU
		{CB224681-B6B9-49D4-B019-19A4A25A2185}.Release|x64.ActiveCfg = Release|Any CPU
		{CB224681-B6B9-49D4-B019-19A4A25A2185}.Release|x64.Build.0 = Release|Any CPU
		{CB224681-B6B9-49D4-B019-19A4A25A2185}.Release|x86.ActiveCfg = Release|Any CPU
		{CB224681-B6B9-49D4-B019-19A4A25A2185}.Release|x86.Build.0 = Release|Any CPU
		{B52FF991-2A64-45D0-804F-E8F9576B55F2}.Debug|Any CPU.ActiveCfg = Debug|Any CPU
		{B52FF991-2A64-45D0-804F-E8F9576B55F2}.Debug|Any CPU.Build.0 = Debug|Any CPU
		{B52FF991-2A64-45D0-804F-E8F9576B55F2}.Debug|x64.ActiveCfg = Debug|Any CPU
		{B52FF991-2A64-45D0-804F-E8F9576B55F2}.Debug|x64.Build.0 = Debug|Any CPU
		{B52FF991-2A64-45D0-804F-E8F9576B55F2}.Debug|x86.ActiveCfg = Debug|Any CPU
		{B52FF991-2A64-45D0-804F-E8F9576B55F2}.Debug|x86.Build.0 = Debug|Any CPU
		{B52FF991-2A64-45D0-804F-E8F9576B55F2}.Release|Any CPU.ActiveCfg = Release|Any CPU
		{B52FF991-2A64-45D0-804F-E8F9576B55F2}.Release|Any CPU.Build.0 = Release|Any CPU
		{B52FF991-2A64-45D0-804F-E8F9576B55F2}.Release|x64.ActiveCfg = Release|Any CPU
		{B52FF991-2A64-45D0-804F-E8F9576B55F2}.Release|x64.Build.0 = Release|Any CPU
		{B52FF991-2A64-45D0-804F-E8F9576B55F2}.Release|x86.ActiveCfg = Release|Any CPU
		{B52FF991-2A64-45D0-804F-E8F9576B55F2}.Release|x86.Build.0 = Release|Any CPU
		{C964BF28-4A11-48AB-92E4-9E25C915D7D6}.Debug|Any CPU.ActiveCfg = Debug|Any CPU
		{C964BF28-4A11-48AB-92E4-9E25C915D7D6}.Debug|Any CPU.Build.0 = Debug|Any CPU
		{C964BF28-4A11-48AB-92E4-9E25C915D7D6}.Debug|x64.ActiveCfg = Debug|Any CPU
		{C964BF28-4A11-48AB-92E4-9E25C915D7D6}.Debug|x64.Build.0 = Debug|Any CPU
		{C964BF28-4A11-48AB-92E4-9E25C915D7D6}.Debug|x86.ActiveCfg = Debug|Any CPU
		{C964BF28-4A11-48AB-92E4-9E25C915D7D6}.Debug|x86.Build.0 = Debug|Any CPU
		{C964BF28-4A11-48AB-92E4-9E25C915D7D6}.Release|Any CPU.ActiveCfg = Release|Any CPU
		{C964BF28-4A11-48AB-92E4-9E25C915D7D6}.Release|Any CPU.Build.0 = Release|Any CPU
		{C964BF28-4A11-48AB-92E4-9E25C915D7D6}.Release|x64.ActiveCfg = Release|Any CPU
		{C964BF28-4A11-48AB-92E4-9E25C915D7D6}.Release|x64.Build.0 = Release|Any CPU
		{C964BF28-4A11-48AB-92E4-9E25C915D7D6}.Release|x86.ActiveCfg = Release|Any CPU
		{C964BF28-4A11-48AB-92E4-9E25C915D7D6}.Release|x86.Build.0 = Release|Any CPU
		{19950D84-F489-48BC-A55F-8E8FCDBFFABC}.Debug|Any CPU.ActiveCfg = Debug|Any CPU
		{19950D84-F489-48BC-A55F-8E8FCDBFFABC}.Debug|Any CPU.Build.0 = Debug|Any CPU
		{19950D84-F489-48BC-A55F-8E8FCDBFFABC}.Debug|x64.ActiveCfg = Debug|Any CPU
		{19950D84-F489-48BC-A55F-8E8FCDBFFABC}.Debug|x64.Build.0 = Debug|Any CPU
		{19950D84-F489-48BC-A55F-8E8FCDBFFABC}.Debug|x86.ActiveCfg = Debug|Any CPU
		{19950D84-F489-48BC-A55F-8E8FCDBFFABC}.Debug|x86.Build.0 = Debug|Any CPU
		{19950D84-F489-48BC-A55F-8E8FCDBFFABC}.Release|Any CPU.ActiveCfg = Release|Any CPU
		{19950D84-F489-48BC-A55F-8E8FCDBFFABC}.Release|Any CPU.Build.0 = Release|Any CPU
		{19950D84-F489-48BC-A55F-8E8FCDBFFABC}.Release|x64.ActiveCfg = Release|Any CPU
		{19950D84-F489-48BC-A55F-8E8FCDBFFABC}.Release|x64.Build.0 = Release|Any CPU
		{19950D84-F489-48BC-A55F-8E8FCDBFFABC}.Release|x86.ActiveCfg = Release|Any CPU
		{19950D84-F489-48BC-A55F-8E8FCDBFFABC}.Release|x86.Build.0 = Release|Any CPU
		{440BF4BB-5054-4CFA-A65A-D33290B2E47C}.Debug|Any CPU.ActiveCfg = Debug|Any CPU
		{440BF4BB-5054-4CFA-A65A-D33290B2E47C}.Debug|Any CPU.Build.0 = Debug|Any CPU
		{440BF4BB-5054-4CFA-A65A-D33290B2E47C}.Debug|x64.ActiveCfg = Debug|Any CPU
		{440BF4BB-5054-4CFA-A65A-D33290B2E47C}.Debug|x64.Build.0 = Debug|Any CPU
		{440BF4BB-5054-4CFA-A65A-D33290B2E47C}.Debug|x86.ActiveCfg = Debug|Any CPU
		{440BF4BB-5054-4CFA-A65A-D33290B2E47C}.Debug|x86.Build.0 = Debug|Any CPU
		{440BF4BB-5054-4CFA-A65A-D33290B2E47C}.Release|Any CPU.ActiveCfg = Release|Any CPU
		{440BF4BB-5054-4CFA-A65A-D33290B2E47C}.Release|Any CPU.Build.0 = Release|Any CPU
		{440BF4BB-5054-4CFA-A65A-D33290B2E47C}.Release|x64.ActiveCfg = Release|Any CPU
		{440BF4BB-5054-4CFA-A65A-D33290B2E47C}.Release|x64.Build.0 = Release|Any CPU
		{440BF4BB-5054-4CFA-A65A-D33290B2E47C}.Release|x86.ActiveCfg = Release|Any CPU
		{440BF4BB-5054-4CFA-A65A-D33290B2E47C}.Release|x86.Build.0 = Release|Any CPU
	EndGlobalSection
	GlobalSection(SolutionProperties) = preSolution
		HideSolutionNode = FALSE
	EndGlobalSection
	GlobalSection(NestedProjects) = preSolution
		{B2F4986D-7916-4E4A-9169-F24065D29D1B} = {A87D5213-6DF1-4E17-83D1-FCBB76750022}
		{E967C62C-2127-4EB7-A8D3-F6A6F1E76EF6} = {A87D5213-6DF1-4E17-83D1-FCBB76750022}
		{D6925C79-D157-4053-8ABF-C74FAA8717A3} = {94FEF38A-DA45-4CF1-A0DD-EA337586A1AF}
		{E4F7F080-29EC-4D7B-BD0B-EA6DC39C0676} = {94FEF38A-DA45-4CF1-A0DD-EA337586A1AF}
		{02EA681E-C7D8-13C7-8484-4AC65E1B71E8} = {15F01A9A-90BF-4E18-B3DF-5F5E6DE97C39}
		{1BADFA89-EEBC-4818-BED3-333FCE9B63D7} = {94FEF38A-DA45-4CF1-A0DD-EA337586A1AF}
		{CB224681-B6B9-49D4-B019-19A4A25A2185} = {94FEF38A-DA45-4CF1-A0DD-EA337586A1AF}
		{B52FF991-2A64-45D0-804F-E8F9576B55F2} = {0AB3BF05-4346-4AA6-1389-037BE0695223}
		{C964BF28-4A11-48AB-92E4-9E25C915D7D6} = {0AB3BF05-4346-4AA6-1389-037BE0695223}
		{19950D84-F489-48BC-A55F-8E8FCDBFFABC} = {0AB3BF05-4346-4AA6-1389-037BE0695223}
		{440BF4BB-5054-4CFA-A65A-D33290B2E47C} = {0AB3BF05-4346-4AA6-1389-037BE0695223}
	EndGlobalSection
	GlobalSection(ExtensibilityGlobals) = postSolution
		SolutionGuid = {E278ADA2-B7D4-46F5-91C8-988E8CB3B734}
	EndGlobalSection
EndGlobal
