
Microsoft Visual Studio Solution File, Format Version 12.00
# Visual Studio Version 18
VisualStudioVersion = 18.0.11205.157
MinimumVisualStudioVersion = 10.0.40219.1
Project("{2150E333-8FDC-42A3-9474-1A3956D46DE8}") = "Solution Items", "Solution Items", "{CF68B68C-8A91-4020-AA05-C6862858DAB7}"
	ProjectSection(SolutionItems) = preProject
		.copilotignore = .copilotignore
		.editorconfig = .editorconfig
		.gitignore = .gitignore
		Directory.Build.props = Directory.Build.props
		Directory.Build.targets = Directory.Build.targets
		Directory.Packages.props = Directory.Packages.props
		global.json = global.json
		LICENSE = LICENSE
		README.md = README.md
		version.json = version.json
		VisionaryCoder.Framework.README.md = VisionaryCoder.Framework.README.md
	EndProjectSection
EndProject
Project("{2150E333-8FDC-42A3-9474-1A3956D46DE8}") = "src", "src", "{94FEF38A-DA45-4CF1-A0DD-EA337586A1AF}"
EndProject
Project("{2150E333-8FDC-42A3-9474-1A3956D46DE8}") = ".github", ".github", "{A87D5213-6DF1-4E17-83D1-FCBB76750022}"
	ProjectSection(SolutionItems) = preProject
		.github\algorithms.instructions.md = .github\algorithms.instructions.md
		.github\angular.instructions.md = .github\angular.instructions.md
		.github\aspire.instructions.md = .github\aspire.instructions.md
		.github\bash.instructions.md = .github\bash.instructions.md
		.github\cmd.instructions.md = .github\cmd.instructions.md
		.github\copilot-instructions.md = .github\copilot-instructions.md
		.github\csharp.instructions.md = .github\csharp.instructions.md
		.github\database.instructions.md = .github\database.instructions.md
		.github\design-patterns.instructions.md = .github\design-patterns.instructions.md
		.github\docker.instructions.md = .github\docker.instructions.md
		.github\git.instructions.md = .github\git.instructions.md
		.github\graphql.instructions.md = .github\graphql.instructions.md
		.github\html.instructions.md = .github\html.instructions.md
		.github\integration.instructions.md = .github\integration.instructions.md
		.github\javascript.instructions.md = .github\javascript.instructions.md
		.github\mlnet.instructions.md = .github\mlnet.instructions.md
		.github\notebooks.instructions.md = .github\notebooks.instructions.md
		.github\orleans.instructions.md = .github\orleans.instructions.md
		.github\playwright.instructions.md = .github\playwright.instructions.md
		.github\powershell.instructions.md = .github\powershell.instructions.md
		.github\python.instructions.md = .github\python.instructions.md
		.github\readme.md = .github\readme.md
		.github\sql.instructions.md = .github\sql.instructions.md
		.github\testing.instructions.md = .github\testing.instructions.md
		.github\utilities.instructions.md = .github\utilities.instructions.md
		.github\web.instructions.md = .github\web.instructions.md
	EndProjectSection
EndProject
Project("{2150E333-8FDC-42A3-9474-1A3956D46DE8}") = "workflows", "workflows", "{E967C62C-2127-4EB7-A8D3-F6A6F1E76EF6}"
	ProjectSection(SolutionItems) = preProject
		.github\workflows\publish.yml = .github\workflows\publish.yml
		.github\workflows\update_changelog.yml = .github\workflows\update_changelog.yml
		verify-copilot-instructions.yml = verify-copilot-instructions.yml
	EndProjectSection
EndProject
Project("{2150E333-8FDC-42A3-9474-1A3956D46DE8}") = ".copilot", ".copilot", "{97CED195-F648-4791-915D-D3771753A2B7}"
	ProjectSection(SolutionItems) = preProject
		.copilot\copilot-instructions.md = .copilot\copilot-instructions.md
		.copilot\csharp.instructions.md = .copilot\csharp.instructions.md
		.copilot\design-patterns.instructions.md = .copilot\design-patterns.instructions.md
		.copilot\repo-standards.md = .copilot\repo-standards.md
	EndProjectSection
EndProject
Project("{2150E333-8FDC-42A3-9474-1A3956D46DE8}") = ".nuget", ".nuget", "{15F01A9A-90BF-4E18-B3DF-5F5E6DE97C39}"
EndProject
Project("{2150E333-8FDC-42A3-9474-1A3956D46DE8}") = "docs", "docs", "{CB6260C4-9E72-4283-96F2-7D671B9CCB2C}"
	ProjectSection(SolutionItems) = preProject
		docs\index.md = docs\index.md
		docs\LICENSE-INFO.md = docs\LICENSE-INFO.md
		docs\onboarding\readme.md = docs\onboarding\readme.md
	EndProjectSection
EndProject
Project("{FAE04EC0-301F-11D3-BF4B-00C04F79EFBC}") = "VisionaryCoder.Framework", "src\VisionaryCoder.Framework\VisionaryCoder.Framework.csproj", "{E4F7F080-29EC-4D7B-BD0B-EA6DC39C0676}"
EndProject
Project("{2150E333-8FDC-42A3-9474-1A3956D46DE8}") = "NuGet", "NuGet", "{02EA681E-C7D8-13C7-8484-4AC65E1B71E8}"
	ProjectSection(SolutionItems) = preProject
		.nuget\NuGet\NuGet.config = .nuget\NuGet\NuGet.config
	EndProjectSection
EndProject
Project("{2150E333-8FDC-42A3-9474-1A3956D46DE8}") = "tests", "tests", "{0AB3BF05-4346-4AA6-1389-037BE0695223}"
EndProject
Project("{FAE04EC0-301F-11D3-BF4B-00C04F79EFBC}") = "VisionaryCoder.Framework.Tests", "tests\VisionaryCoder.Framework.Tests\VisionaryCoder.Framework.Tests.csproj", "{B52FF991-2A64-45D0-804F-E8F9576B55F2}"
EndProject
Project("{2150E333-8FDC-42A3-9474-1A3956D46DE8}") = "diagrams", "diagrams", "{68B90444-FE6C-470E-63D0-414A629AED40}"
	ProjectSection(SolutionItems) = preProject
		docs\diagrams\decision-workflow.mermaid = docs\diagrams\decision-workflow.mermaid
		docs\diagrams\framework.dgml = docs\diagrams\framework.dgml
		docs\diagrams\goverance-map.mermaid = docs\diagrams\goverance-map.mermaid
		docs\diagrams\quadrant-radar.mermaid = docs\diagrams\quadrant-radar.mermaid
	EndProjectSection
EndProject
Project("{2150E333-8FDC-42A3-9474-1A3956D46DE8}") = "query-filtering", "query-filtering", "{37F07B0B-5FCD-44BA-B12E-2275A5C31403}"
	ProjectSection(SolutionItems) = preProject
		docs\diagrams\query-filtering\query-filter-class-diagram.mmd = docs\diagrams\query-filtering\query-filter-class-diagram.mmd
		docs\diagrams\query-filtering\query-filter-sequence-diagram.mmd = docs\diagrams\query-filtering\query-filter-sequence-diagram.mmd
	EndProjectSection
EndProject
Project("{2150E333-8FDC-42A3-9474-1A3956D46DE8}") = ".json", ".json", "{24A894FD-4457-4F4E-820D-AD31950FEBE0}"
EndProject
Project("{2150E333-8FDC-42A3-9474-1A3956D46DE8}") = "schemas", "schemas", "{26DDBFD6-7F51-487F-898F-CFF86708EC19}"
	ProjectSection(SolutionItems) = preProject
		.json\schemas\queryfilter.schema.json = .json\schemas\queryfilter.schema.json
	EndProjectSection
EndProject
Project("{2150E333-8FDC-42A3-9474-1A3956D46DE8}") = "review", "review", "{7CF1A278-3E54-4B12-ABA8-2A92F7791581}"
	ProjectSection(SolutionItems) = preProject
		docs\reviews\branching-strategy.md = docs\reviews\branching-strategy.md
		docs\reviews\quarterly-radar-review.md = docs\reviews\quarterly-radar-review.md
		docs\reviews\readme.md = docs\reviews\readme.md
		docs\reviews\release-checklist.md = docs\reviews\release-checklist.md
		docs\reviews\system-map.md = docs\reviews\system-map.md
	EndProjectSection
EndProject
Project("{2150E333-8FDC-42A3-9474-1A3956D46DE8}") = "best-practices", "best-practices", "{673C1190-F0F9-4EC0-AE1C-979783F03134}"
	ProjectSection(SolutionItems) = preProject
		docs\best-practices\radar.md = docs\best-practices\radar.md
	EndProjectSection
EndProject
Project("{2150E333-8FDC-42A3-9474-1A3956D46DE8}") = "architecture-decision-records", "architecture-decision-records", "{D179AF1B-D641-4436-BF3F-5E394D3955D0}"
	ProjectSection(SolutionItems) = preProject
		docs\adr\adr-0001.md = docs\adr\adr-0001.md
		docs\adr\adr-0002.md = docs\adr\adr-0002.md
		docs\adr\adr-0003.md = docs\adr\adr-0003.md
		docs\adr\adr-0004.md = docs\adr\adr-0004.md
		docs\adr\adr-template.md = docs\adr\adr-template.md
		docs\adr\index.md = docs\adr\index.md
	EndProjectSection
EndProject
Project("{2150E333-8FDC-42A3-9474-1A3956D46DE8}") = "cloud-architecture", "cloud-architecture", "{F36418D1-20E2-4159-B67F-AA0FDA54E3D4}"
	ProjectSection(SolutionItems) = preProject
		docs\best-practices\cloud-architecture\ReadMe.md = docs\best-practices\cloud-architecture\ReadMe.md
	EndProjectSection
EndProject
Project("{2150E333-8FDC-42A3-9474-1A3956D46DE8}") = "filtering", "filtering", "{8DC296DD-9E42-4EA1-8890-543CBBAF8FBD}"
	ProjectSection(SolutionItems) = preProject
		docs\filtering\collection-operations.md = docs\filtering\collection-operations.md
	EndProjectSection
EndProject
Project("{2150E333-8FDC-42A3-9474-1A3956D46DE8}") = "templates", "templates", "{23F3DDEA-520D-4C06-A3F0-821240DF1992}"
	ProjectSection(SolutionItems) = preProject
		docs\best-practices\templates\ReadMe.md = docs\best-practices\templates\ReadMe.md
	EndProjectSection
EndProject
Project("{2150E333-8FDC-42A3-9474-1A3956D46DE8}") = "software-architecture", "software-architecture", "{A76BF8B6-5025-40FA-B598-32A2EFDE0E04}"
	ProjectSection(SolutionItems) = preProject
		docs\best-practices\software-architecture\ReadMe.md = docs\best-practices\software-architecture\ReadMe.md
	EndProjectSection
EndProject
Project("{2150E333-8FDC-42A3-9474-1A3956D46DE8}") = "security", "security", "{8146367F-A4B9-4D12-AE2E-69041429E5C0}"
	ProjectSection(SolutionItems) = preProject
		docs\best-practices\security\ReadMe.md = docs\best-practices\security\ReadMe.md
	EndProjectSection
EndProject
Project("{2150E333-8FDC-42A3-9474-1A3956D46DE8}") = "observability", "observability", "{38B03BF1-25E4-41E7-B489-ED0BC7A8D08F}"
	ProjectSection(SolutionItems) = preProject
		docs\best-practices\observability\ReadMe.md = docs\best-practices\observability\ReadMe.md
	EndProjectSection
EndProject
Project("{2150E333-8FDC-42A3-9474-1A3956D46DE8}") = "integration", "integration", "{D87312C8-1571-4725-B47F-EBA81FEE02A4}"
	ProjectSection(SolutionItems) = preProject
		docs\best-practices\integration\ReadMe.md = docs\best-practices\integration\ReadMe.md
	EndProjectSection
EndProject
Project("{2150E333-8FDC-42A3-9474-1A3956D46DE8}") = "devops", "devops", "{C38C03F8-709E-44D2-AB3F-FB43C563C359}"
	ProjectSection(SolutionItems) = preProject
		docs\best-practices\devops\ReadMe.md = docs\best-practices\devops\ReadMe.md
	EndProjectSection
EndProject
Project("{2150E333-8FDC-42A3-9474-1A3956D46DE8}") = "data-analytics", "data-analytics", "{B177C31A-130F-436F-816D-8B0F029C3BBB}"
	ProjectSection(SolutionItems) = preProject
		docs\best-practices\data-analytics\ReadMe.md = docs\best-practices\data-analytics\ReadMe.md
	EndProjectSection
EndProject
Project("{2150E333-8FDC-42A3-9474-1A3956D46DE8}") = "ITEM-TEMPLATE", "ITEM-TEMPLATE", "{B39EF5BF-8A82-D54F-B795-59BB21F8833A}"
	ProjectSection(SolutionItems) = preProject
		.github\ISSUE-TEMPLATE\radar-change-proposal.md = .github\ISSUE-TEMPLATE\radar-change-proposal.md
	EndProjectSection
EndProject
Global
	GlobalSection(SolutionConfigurationPlatforms) = preSolution
		Debug|Any CPU = Debug|Any CPU
		Debug|x64 = Debug|x64
		Debug|x86 = Debug|x86
		Release|Any CPU = Release|Any CPU
		Release|x64 = Release|x64
		Release|x86 = Release|x86
	EndGlobalSection
	GlobalSection(ProjectConfigurationPlatforms) = postSolution
		{E4F7F080-29EC-4D7B-BD0B-EA6DC39C0676}.Debug|Any CPU.ActiveCfg = Debug|Any CPU
		{E4F7F080-29EC-4D7B-BD0B-EA6DC39C0676}.Debug|Any CPU.Build.0 = Debug|Any CPU
		{E4F7F080-29EC-4D7B-BD0B-EA6DC39C0676}.Debug|x64.ActiveCfg = Debug|Any CPU
		{E4F7F080-29EC-4D7B-BD0B-EA6DC39C0676}.Debug|x64.Build.0 = Debug|Any CPU
		{E4F7F080-29EC-4D7B-BD0B-EA6DC39C0676}.Debug|x86.ActiveCfg = Debug|Any CPU
		{E4F7F080-29EC-4D7B-BD0B-EA6DC39C0676}.Debug|x86.Build.0 = Debug|Any CPU
		{E4F7F080-29EC-4D7B-BD0B-EA6DC39C0676}.Release|Any CPU.ActiveCfg = Release|Any CPU
		{E4F7F080-29EC-4D7B-BD0B-EA6DC39C0676}.Release|Any CPU.Build.0 = Release|Any CPU
		{E4F7F080-29EC-4D7B-BD0B-EA6DC39C0676}.Release|x64.ActiveCfg = Release|Any CPU
		{E4F7F080-29EC-4D7B-BD0B-EA6DC39C0676}.Release|x64.Build.0 = Release|Any CPU
		{E4F7F080-29EC-4D7B-BD0B-EA6DC39C0676}.Release|x86.ActiveCfg = Release|Any CPU
		{E4F7F080-29EC-4D7B-BD0B-EA6DC39C0676}.Release|x86.Build.0 = Release|Any CPU
		{B52FF991-2A64-45D0-804F-E8F9576B55F2}.Debug|Any CPU.ActiveCfg = Debug|Any CPU
		{B52FF991-2A64-45D0-804F-E8F9576B55F2}.Debug|Any CPU.Build.0 = Debug|Any CPU
		{B52FF991-2A64-45D0-804F-E8F9576B55F2}.Debug|x64.ActiveCfg = Debug|Any CPU
		{B52FF991-2A64-45D0-804F-E8F9576B55F2}.Debug|x64.Build.0 = Debug|Any CPU
		{B52FF991-2A64-45D0-804F-E8F9576B55F2}.Debug|x86.ActiveCfg = Debug|Any CPU
		{B52FF991-2A64-45D0-804F-E8F9576B55F2}.Debug|x86.Build.0 = Debug|Any CPU
		{B52FF991-2A64-45D0-804F-E8F9576B55F2}.Release|Any CPU.ActiveCfg = Release|Any CPU
		{B52FF991-2A64-45D0-804F-E8F9576B55F2}.Release|Any CPU.Build.0 = Release|Any CPU
		{B52FF991-2A64-45D0-804F-E8F9576B55F2}.Release|x64.ActiveCfg = Release|Any CPU
		{B52FF991-2A64-45D0-804F-E8F9576B55F2}.Release|x64.Build.0 = Release|Any CPU
		{B52FF991-2A64-45D0-804F-E8F9576B55F2}.Release|x86.ActiveCfg = Release|Any CPU
		{B52FF991-2A64-45D0-804F-E8F9576B55F2}.Release|x86.Build.0 = Release|Any CPU
	EndGlobalSection
	GlobalSection(SolutionProperties) = preSolution
		HideSolutionNode = FALSE
	EndGlobalSection
	GlobalSection(NestedProjects) = preSolution
		{E967C62C-2127-4EB7-A8D3-F6A6F1E76EF6} = {A87D5213-6DF1-4E17-83D1-FCBB76750022}
		{E4F7F080-29EC-4D7B-BD0B-EA6DC39C0676} = {94FEF38A-DA45-4CF1-A0DD-EA337586A1AF}
		{02EA681E-C7D8-13C7-8484-4AC65E1B71E8} = {15F01A9A-90BF-4E18-B3DF-5F5E6DE97C39}
		{B52FF991-2A64-45D0-804F-E8F9576B55F2} = {0AB3BF05-4346-4AA6-1389-037BE0695223}
		{68B90444-FE6C-470E-63D0-414A629AED40} = {CB6260C4-9E72-4283-96F2-7D671B9CCB2C}
		{37F07B0B-5FCD-44BA-B12E-2275A5C31403} = {68B90444-FE6C-470E-63D0-414A629AED40}
		{26DDBFD6-7F51-487F-898F-CFF86708EC19} = {24A894FD-4457-4F4E-820D-AD31950FEBE0}
		{7CF1A278-3E54-4B12-ABA8-2A92F7791581} = {CB6260C4-9E72-4283-96F2-7D671B9CCB2C}
		{673C1190-F0F9-4EC0-AE1C-979783F03134} = {CB6260C4-9E72-4283-96F2-7D671B9CCB2C}
		{D179AF1B-D641-4436-BF3F-5E394D3955D0} = {CB6260C4-9E72-4283-96F2-7D671B9CCB2C}
		{F36418D1-20E2-4159-B67F-AA0FDA54E3D4} = {673C1190-F0F9-4EC0-AE1C-979783F03134}
		{8DC296DD-9E42-4EA1-8890-543CBBAF8FBD} = {CB6260C4-9E72-4283-96F2-7D671B9CCB2C}
		{23F3DDEA-520D-4C06-A3F0-821240DF1992} = {673C1190-F0F9-4EC0-AE1C-979783F03134}
		{A76BF8B6-5025-40FA-B598-32A2EFDE0E04} = {673C1190-F0F9-4EC0-AE1C-979783F03134}
		{8146367F-A4B9-4D12-AE2E-69041429E5C0} = {673C1190-F0F9-4EC0-AE1C-979783F03134}
		{38B03BF1-25E4-41E7-B489-ED0BC7A8D08F} = {673C1190-F0F9-4EC0-AE1C-979783F03134}
		{D87312C8-1571-4725-B47F-EBA81FEE02A4} = {673C1190-F0F9-4EC0-AE1C-979783F03134}
		{C38C03F8-709E-44D2-AB3F-FB43C563C359} = {673C1190-F0F9-4EC0-AE1C-979783F03134}
		{B177C31A-130F-436F-816D-8B0F029C3BBB} = {673C1190-F0F9-4EC0-AE1C-979783F03134}
		{B39EF5BF-8A82-D54F-B795-59BB21F8833A} = {A87D5213-6DF1-4E17-83D1-FCBB76750022}
	EndGlobalSection
	GlobalSection(ExtensibilityGlobals) = postSolution
		SolutionGuid = {E278ADA2-B7D4-46F5-91C8-988E8CB3B734}
	EndGlobalSection
EndGlobal
